Microsoft Visual Studio Solution File, Format Version 8.00
Project("{8BC9CEB8-8B4A-11D0-8D11-00A0C91BC942}") = "zlibstat", ".\zlib\contrib\vstudio\vc7\zlibstat.vcproj", "{76047B4C-9603-4706-8342-80B1365ED9D5}"
	ProjectSection(ProjectDependencies) = postProject
	EndProjectSection
EndProject
Project("{8BC9CEB8-8B4A-11D0-8D11-00A0C91BC942}") = "cryptlib", ".\crypto51\cryptlib.vcproj", "{722AD808-9ECA-459A-8AF5-C0E1AB3D5B87}"
	ProjectSection(ProjectDependencies) = postProject
	EndProjectSection
EndProject
Project("{8BC9CEB8-8B4A-11D0-8D11-00A0C91BC942}") = "id3lib", ".\id3lib\libprj\id3lib.vcproj", "{4AACBF8D-B90F-41AD-A5BE-D5E557C668E3}"
	ProjectSection(ProjectDependencies) = postProject
	EndProjectSection
EndProject
Project("{8BC9CEB8-8B4A-11D0-8D11-00A0C91BC942}") = "libpng", ".\png\projects\visualc71\libpng.vcproj", "{EE4A070D-B0EA-48E6-9E61-DF956EDA27CC}"
	ProjectSection(ProjectDependencies) = postProject
	EndProjectSection
EndProject
Project("{8BC9CEB8-8B4A-11D0-8D11-00A0C91BC942}") = "ResizableLib", ".\ResizableLib\ResizableLib.vcproj", "{A5743026-DE7A-4C3D-86EA-46D6B6847F14}"
	ProjectSection(ProjectDependencies) = postProject
	EndProjectSection
EndProject
Project("{8BC9CEB8-8B4A-11D0-8D11-00A0C91BC942}") = "CxImage", ".\srchybrid\CxImage\cximage.vcproj", "{8FEC2660-7F95-4C2E-8747-36176E1FCF82}"
	ProjectSection(ProjectDependencies) = postProject
	EndProjectSection
EndProject
Project("{8BC9CEB8-8B4A-11D0-8D11-00A0C91BC942}") = "pthread", ".\srchybrid\pthreads\pthreads\pthread.vcproj", "{98A1AD27-110A-4C3E-AF0C-4F967E536517}"
	ProjectSection(ProjectDependencies) = postProject
	EndProjectSection
EndProject
Project("{8BC9CEB8-8B4A-11D0-8D11-00A0C91BC942}") = "upnpLib", ".\srchybrid\upnplib\win32project\upnpLib.vcproj", "{313EDA74-70F6-481B-8F05-C49A16481905}"
	ProjectSection(ProjectDependencies) = postProject
	EndProjectSection
EndProject
Project("{8BC9CEB8-8B4A-11D0-8D11-00A0C91BC942}") = "emule", ".\srchybrid\emule.vcproj", "{584EA69D-3443-4197-8994-364880FC1B9B}"
	ProjectSection(ProjectDependencies) = postProject
		{722AD808-9ECA-459A-8AF5-C0E1AB3D5B87} = {722AD808-9ECA-459A-8AF5-C0E1AB3D5B87}
		{EE4A070D-B0EA-48E6-9E61-DF956EDA27CC} = {EE4A070D-B0EA-48E6-9E61-DF956EDA27CC}
		{A5743026-DE7A-4C3D-86EA-46D6B6847F14} = {A5743026-DE7A-4C3D-86EA-46D6B6847F14}
		{98A1AD27-110A-4C3E-AF0C-4F967E536517} = {98A1AD27-110A-4C3E-AF0C-4F967E536517}
		{76047B4C-9603-4706-8342-80B1365ED9D5} = {76047B4C-9603-4706-8342-80B1365ED9D5}
		{8FEC2660-7F95-4C2E-8747-36176E1FCF82} = {8FEC2660-7F95-4C2E-8747-36176E1FCF82}
		{313EDA74-70F6-481B-8F05-C49A16481905} = {313EDA74-70F6-481B-8F05-C49A16481905}
		{4AACBF8D-B90F-41AD-A5BE-D5E557C668E3} = {4AACBF8D-B90F-41AD-A5BE-D5E557C668E3}
	EndProjectSection
EndProject
Global
	GlobalSection(SolutionConfiguration) = preSolution
		Beta = Beta
		Debug = Debug
		Debug Static = Debug Static
		DLL ASM Debug = DLL ASM Debug
		DLL ASM Release = DLL ASM Release
		DLL Debug = DLL Debug
		DLL Release = DLL Release
		DLL VB = DLL VB
		Dynamic = Dynamic
		LIB ASM Debug = LIB ASM Debug
		LIB ASM Release = LIB ASM Release
		LIB Debug = LIB Debug
		LIB Release = LIB Release
		Release = Release
		Release P4-AthlonXP = Release P4-AthlonXP
		Release Static = Release Static
		ReleaseAxp = ReleaseAxp
		ReleaseWithoutAsm = ReleaseWithoutAsm
		Static = Static
		Unicode Debug = Unicode Debug
		Unicode Release = Unicode Release
	EndGlobalSection
	GlobalSection(ProjectConfiguration) = postSolution
		{76047B4C-9603-4706-8342-80B1365ED9D5}.Beta.ActiveCfg = ReleaseWithoutAsm|Win32
		{76047B4C-9603-4706-8342-80B1365ED9D5}.Beta.Build.0 = ReleaseWithoutAsm|Win32
		{76047B4C-9603-4706-8342-80B1365ED9D5}.Debug.ActiveCfg = Debug|Win32
		{76047B4C-9603-4706-8342-80B1365ED9D5}.Debug.Build.0 = Debug|Win32
		{76047B4C-9603-4706-8342-80B1365ED9D5}.Debug Static.ActiveCfg = Debug|Win32
		{76047B4C-9603-4706-8342-80B1365ED9D5}.Debug Static.Build.0 = Debug|Win32
		{76047B4C-9603-4706-8342-80B1365ED9D5}.DLL ASM Debug.ActiveCfg = Debug|Win32
		{76047B4C-9603-4706-8342-80B1365ED9D5}.DLL ASM Debug.Build.0 = Debug|Win32
		{76047B4C-9603-4706-8342-80B1365ED9D5}.DLL ASM Release.ActiveCfg = Release|Win32
		{76047B4C-9603-4706-8342-80B1365ED9D5}.DLL ASM Release.Build.0 = Release|Win32
		{76047B4C-9603-4706-8342-80B1365ED9D5}.DLL Debug.ActiveCfg = Debug|Win32
		{76047B4C-9603-4706-8342-80B1365ED9D5}.DLL Debug.Build.0 = Debug|Win32
		{76047B4C-9603-4706-8342-80B1365ED9D5}.DLL Release.ActiveCfg = Release|Win32
		{76047B4C-9603-4706-8342-80B1365ED9D5}.DLL Release.Build.0 = Release|Win32
		{76047B4C-9603-4706-8342-80B1365ED9D5}.DLL VB.ActiveCfg = Debug|Win32
		{76047B4C-9603-4706-8342-80B1365ED9D5}.DLL VB.Build.0 = Debug|Win32
		{76047B4C-9603-4706-8342-80B1365ED9D5}.Dynamic.ActiveCfg = Debug|Win32
		{76047B4C-9603-4706-8342-80B1365ED9D5}.Dynamic.Build.0 = Debug|Win32
		{76047B4C-9603-4706-8342-80B1365ED9D5}.LIB ASM Debug.ActiveCfg = Debug|Win32
		{76047B4C-9603-4706-8342-80B1365ED9D5}.LIB ASM Debug.Build.0 = Debug|Win32
		{76047B4C-9603-4706-8342-80B1365ED9D5}.LIB ASM Release.ActiveCfg = Release|Win32
		{76047B4C-9603-4706-8342-80B1365ED9D5}.LIB ASM Release.Build.0 = Release|Win32
		{76047B4C-9603-4706-8342-80B1365ED9D5}.LIB Debug.ActiveCfg = Debug|Win32
		{76047B4C-9603-4706-8342-80B1365ED9D5}.LIB Debug.Build.0 = Debug|Win32
		{76047B4C-9603-4706-8342-80B1365ED9D5}.LIB Release.ActiveCfg = Release|Win32
		{76047B4C-9603-4706-8342-80B1365ED9D5}.LIB Release.Build.0 = Release|Win32
		{76047B4C-9603-4706-8342-80B1365ED9D5}.Release.ActiveCfg = Release|Win32
		{76047B4C-9603-4706-8342-80B1365ED9D5}.Release.Build.0 = Release|Win32
		{76047B4C-9603-4706-8342-80B1365ED9D5}.Release P4-AthlonXP.ActiveCfg = Release|Win32
		{76047B4C-9603-4706-8342-80B1365ED9D5}.Release P4-AthlonXP.Build.0 = Release|Win32
		{76047B4C-9603-4706-8342-80B1365ED9D5}.Release Static.ActiveCfg = Release|Win32
		{76047B4C-9603-4706-8342-80B1365ED9D5}.Release Static.Build.0 = Release|Win32
		{76047B4C-9603-4706-8342-80B1365ED9D5}.ReleaseAxp.ActiveCfg = ReleaseAxp|Win32
		{76047B4C-9603-4706-8342-80B1365ED9D5}.ReleaseAxp.Build.0 = ReleaseAxp|Win32
		{76047B4C-9603-4706-8342-80B1365ED9D5}.ReleaseWithoutAsm.ActiveCfg = ReleaseWithoutAsm|Win32
		{76047B4C-9603-4706-8342-80B1365ED9D5}.ReleaseWithoutAsm.Build.0 = ReleaseWithoutAsm|Win32
		{76047B4C-9603-4706-8342-80B1365ED9D5}.Static.ActiveCfg = ReleaseWithoutAsm|Win32
		{76047B4C-9603-4706-8342-80B1365ED9D5}.Static.Build.0 = ReleaseWithoutAsm|Win32
		{76047B4C-9603-4706-8342-80B1365ED9D5}.Unicode Debug.ActiveCfg = Debug|Win32
		{76047B4C-9603-4706-8342-80B1365ED9D5}.Unicode Debug.Build.0 = Debug|Win32
		{76047B4C-9603-4706-8342-80B1365ED9D5}.Unicode Release.ActiveCfg = Release|Win32
		{76047B4C-9603-4706-8342-80B1365ED9D5}.Unicode Release.Build.0 = Release|Win32
		{722AD808-9ECA-459A-8AF5-C0E1AB3D5B87}.Beta.ActiveCfg = Debug|Win32
		{722AD808-9ECA-459A-8AF5-C0E1AB3D5B87}.Beta.Build.0 = Debug|Win32
		{722AD808-9ECA-459A-8AF5-C0E1AB3D5B87}.Debug.ActiveCfg = Debug|Win32
		{722AD808-9ECA-459A-8AF5-C0E1AB3D5B87}.Debug.Build.0 = Debug|Win32
		{722AD808-9ECA-459A-8AF5-C0E1AB3D5B87}.Debug Static.ActiveCfg = Debug|Win32
		{722AD808-9ECA-459A-8AF5-C0E1AB3D5B87}.Debug Static.Build.0 = Debug|Win32
		{722AD808-9ECA-459A-8AF5-C0E1AB3D5B87}.DLL ASM Debug.ActiveCfg = Debug|Win32
		{722AD808-9ECA-459A-8AF5-C0E1AB3D5B87}.DLL ASM Debug.Build.0 = Debug|Win32
		{722AD808-9ECA-459A-8AF5-C0E1AB3D5B87}.DLL ASM Release.ActiveCfg = Release|Win32
		{722AD808-9ECA-459A-8AF5-C0E1AB3D5B87}.DLL ASM Release.Build.0 = Release|Win32
		{722AD808-9ECA-459A-8AF5-C0E1AB3D5B87}.DLL Debug.ActiveCfg = Debug|Win32
		{722AD808-9ECA-459A-8AF5-C0E1AB3D5B87}.DLL Debug.Build.0 = Debug|Win32
		{722AD808-9ECA-459A-8AF5-C0E1AB3D5B87}.DLL Release.ActiveCfg = Release|Win32
		{722AD808-9ECA-459A-8AF5-C0E1AB3D5B87}.DLL Release.Build.0 = Release|Win32
		{722AD808-9ECA-459A-8AF5-C0E1AB3D5B87}.DLL VB.ActiveCfg = Debug|Win32
		{722AD808-9ECA-459A-8AF5-C0E1AB3D5B87}.DLL VB.Build.0 = Debug|Win32
		{722AD808-9ECA-459A-8AF5-C0E1AB3D5B87}.Dynamic.ActiveCfg = Debug|Win32
		{722AD808-9ECA-459A-8AF5-C0E1AB3D5B87}.Dynamic.Build.0 = Debug|Win32
		{722AD808-9ECA-459A-8AF5-C0E1AB3D5B87}.LIB ASM Debug.ActiveCfg = Debug|Win32
		{722AD808-9ECA-459A-8AF5-C0E1AB3D5B87}.LIB ASM Debug.Build.0 = Debug|Win32
		{722AD808-9ECA-459A-8AF5-C0E1AB3D5B87}.LIB ASM Release.ActiveCfg = Release|Win32
		{722AD808-9ECA-459A-8AF5-C0E1AB3D5B87}.LIB ASM Release.Build.0 = Release|Win32
		{722AD808-9ECA-459A-8AF5-C0E1AB3D5B87}.LIB Debug.ActiveCfg = Debug|Win32
		{722AD808-9ECA-459A-8AF5-C0E1AB3D5B87}.LIB Debug.Build.0 = Debug|Win32
		{722AD808-9ECA-459A-8AF5-C0E1AB3D5B87}.LIB Release.ActiveCfg = Release|Win32
		{722AD808-9ECA-459A-8AF5-C0E1AB3D5B87}.LIB Release.Build.0 = Release|Win32
		{722AD808-9ECA-459A-8AF5-C0E1AB3D5B87}.Release.ActiveCfg = Release|Win32
		{722AD808-9ECA-459A-8AF5-C0E1AB3D5B87}.Release.Build.0 = Release|Win32
		{722AD808-9ECA-459A-8AF5-C0E1AB3D5B87}.Release P4-AthlonXP.ActiveCfg = Release|Win32
		{722AD808-9ECA-459A-8AF5-C0E1AB3D5B87}.Release P4-AthlonXP.Build.0 = Release|Win32
		{722AD808-9ECA-459A-8AF5-C0E1AB3D5B87}.Release Static.ActiveCfg = Release|Win32
		{722AD808-9ECA-459A-8AF5-C0E1AB3D5B87}.Release Static.Build.0 = Release|Win32
		{722AD808-9ECA-459A-8AF5-C0E1AB3D5B87}.ReleaseAxp.ActiveCfg = Release|Win32
		{722AD808-9ECA-459A-8AF5-C0E1AB3D5B87}.ReleaseAxp.Build.0 = Release|Win32
		{722AD808-9ECA-459A-8AF5-C0E1AB3D5B87}.ReleaseWithoutAsm.ActiveCfg = Release|Win32
		{722AD808-9ECA-459A-8AF5-C0E1AB3D5B87}.ReleaseWithoutAsm.Build.0 = Release|Win32
		{722AD808-9ECA-459A-8AF5-C0E1AB3D5B87}.Static.ActiveCfg = Debug|Win32
		{722AD808-9ECA-459A-8AF5-C0E1AB3D5B87}.Static.Build.0 = Debug|Win32
		{722AD808-9ECA-459A-8AF5-C0E1AB3D5B87}.Unicode Debug.ActiveCfg = Debug|Win32
		{722AD808-9ECA-459A-8AF5-C0E1AB3D5B87}.Unicode Debug.Build.0 = Debug|Win32
		{722AD808-9ECA-459A-8AF5-C0E1AB3D5B87}.Unicode Release.ActiveCfg = Release|Win32
		{722AD808-9ECA-459A-8AF5-C0E1AB3D5B87}.Unicode Release.Build.0 = Release|Win32
		{4AACBF8D-B90F-41AD-A5BE-D5E557C668E3}.Beta.ActiveCfg = Release|Win32
		{4AACBF8D-B90F-41AD-A5BE-D5E557C668E3}.Beta.Build.0 = Release|Win32
		{4AACBF8D-B90F-41AD-A5BE-D5E557C668E3}.Debug.ActiveCfg = Debug|Win32
		{4AACBF8D-B90F-41AD-A5BE-D5E557C668E3}.Debug.Build.0 = Debug|Win32
		{4AACBF8D-B90F-41AD-A5BE-D5E557C668E3}.Debug Static.ActiveCfg = Debug|Win32
		{4AACBF8D-B90F-41AD-A5BE-D5E557C668E3}.Debug Static.Build.0 = Debug|Win32
		{4AACBF8D-B90F-41AD-A5BE-D5E557C668E3}.DLL ASM Debug.ActiveCfg = Debug|Win32
		{4AACBF8D-B90F-41AD-A5BE-D5E557C668E3}.DLL ASM Debug.Build.0 = Debug|Win32
		{4AACBF8D-B90F-41AD-A5BE-D5E557C668E3}.DLL ASM Release.ActiveCfg = Release|Win32
		{4AACBF8D-B90F-41AD-A5BE-D5E557C668E3}.DLL ASM Release.Build.0 = Release|Win32
		{4AACBF8D-B90F-41AD-A5BE-D5E557C668E3}.DLL Debug.ActiveCfg = Debug|Win32
		{4AACBF8D-B90F-41AD-A5BE-D5E557C668E3}.DLL Debug.Build.0 = Debug|Win32
		{4AACBF8D-B90F-41AD-A5BE-D5E557C668E3}.DLL Release.ActiveCfg = Release|Win32
		{4AACBF8D-B90F-41AD-A5BE-D5E557C668E3}.DLL Release.Build.0 = Release|Win32
		{4AACBF8D-B90F-41AD-A5BE-D5E557C668E3}.DLL VB.ActiveCfg = Debug|Win32
		{4AACBF8D-B90F-41AD-A5BE-D5E557C668E3}.DLL VB.Build.0 = Debug|Win32
		{4AACBF8D-B90F-41AD-A5BE-D5E557C668E3}.Dynamic.ActiveCfg = Debug|Win32
		{4AACBF8D-B90F-41AD-A5BE-D5E557C668E3}.Dynamic.Build.0 = Debug|Win32
		{4AACBF8D-B90F-41AD-A5BE-D5E557C668E3}.LIB ASM Debug.ActiveCfg = Debug|Win32
		{4AACBF8D-B90F-41AD-A5BE-D5E557C668E3}.LIB ASM Debug.Build.0 = Debug|Win32
		{4AACBF8D-B90F-41AD-A5BE-D5E557C668E3}.LIB ASM Release.ActiveCfg = Release|Win32
		{4AACBF8D-B90F-41AD-A5BE-D5E557C668E3}.LIB ASM Release.Build.0 = Release|Win32
		{4AACBF8D-B90F-41AD-A5BE-D5E557C668E3}.LIB Debug.ActiveCfg = Debug|Win32
		{4AACBF8D-B90F-41AD-A5BE-D5E557C668E3}.LIB Debug.Build.0 = Debug|Win32
		{4AACBF8D-B90F-41AD-A5BE-D5E557C668E3}.LIB Release.ActiveCfg = Release|Win32
		{4AACBF8D-B90F-41AD-A5BE-D5E557C668E3}.LIB Release.Build.0 = Release|Win32
		{4AACBF8D-B90F-41AD-A5BE-D5E557C668E3}.Release.ActiveCfg = Release|Win32
		{4AACBF8D-B90F-41AD-A5BE-D5E557C668E3}.Release.Build.0 = Release|Win32
		{4AACBF8D-B90F-41AD-A5BE-D5E557C668E3}.Release P4-AthlonXP.ActiveCfg = Release|Win32
		{4AACBF8D-B90F-41AD-A5BE-D5E557C668E3}.Release P4-AthlonXP.Build.0 = Release|Win32
		{4AACBF8D-B90F-41AD-A5BE-D5E557C668E3}.Release Static.ActiveCfg = Release|Win32
		{4AACBF8D-B90F-41AD-A5BE-D5E557C668E3}.Release Static.Build.0 = Release|Win32
		{4AACBF8D-B90F-41AD-A5BE-D5E557C668E3}.ReleaseAxp.ActiveCfg = Release|Win32
		{4AACBF8D-B90F-41AD-A5BE-D5E557C668E3}.ReleaseAxp.Build.0 = Release|Win32
		{4AACBF8D-B90F-41AD-A5BE-D5E557C668E3}.ReleaseWithoutAsm.ActiveCfg = Release|Win32
		{4AACBF8D-B90F-41AD-A5BE-D5E557C668E3}.ReleaseWithoutAsm.Build.0 = Release|Win32
		{4AACBF8D-B90F-41AD-A5BE-D5E557C668E3}.Static.ActiveCfg = Release|Win32
		{4AACBF8D-B90F-41AD-A5BE-D5E557C668E3}.Static.Build.0 = Release|Win32
		{4AACBF8D-B90F-41AD-A5BE-D5E557C668E3}.Unicode Debug.ActiveCfg = Debug|Win32
		{4AACBF8D-B90F-41AD-A5BE-D5E557C668E3}.Unicode Debug.Build.0 = Debug|Win32
		{4AACBF8D-B90F-41AD-A5BE-D5E557C668E3}.Unicode Release.ActiveCfg = Release|Win32
		{4AACBF8D-B90F-41AD-A5BE-D5E557C668E3}.Unicode Release.Build.0 = Release|Win32
		{EE4A070D-B0EA-48E6-9E61-DF956EDA27CC}.Beta.ActiveCfg = LIB ASM Debug|Win32
		{EE4A070D-B0EA-48E6-9E61-DF956EDA27CC}.Beta.Build.0 = LIB ASM Debug|Win32
		{EE4A070D-B0EA-48E6-9E61-DF956EDA27CC}.Debug.ActiveCfg = LIB ASM Debug|Win32
		{EE4A070D-B0EA-48E6-9E61-DF956EDA27CC}.Debug.Build.0 = LIB ASM Debug|Win32
		{EE4A070D-B0EA-48E6-9E61-DF956EDA27CC}.Debug Static.ActiveCfg = DLL VB|Win32
		{EE4A070D-B0EA-48E6-9E61-DF956EDA27CC}.Debug Static.Build.0 = DLL VB|Win32
		{EE4A070D-B0EA-48E6-9E61-DF956EDA27CC}.DLL ASM Debug.ActiveCfg = DLL ASM Debug|Win32
		{EE4A070D-B0EA-48E6-9E61-DF956EDA27CC}.DLL ASM Debug.Build.0 = DLL ASM Debug|Win32
		{EE4A070D-B0EA-48E6-9E61-DF956EDA27CC}.DLL ASM Release.ActiveCfg = DLL ASM Release|Win32
		{EE4A070D-B0EA-48E6-9E61-DF956EDA27CC}.DLL ASM Release.Build.0 = DLL ASM Release|Win32
		{EE4A070D-B0EA-48E6-9E61-DF956EDA27CC}.DLL Debug.ActiveCfg = DLL Debug|Win32
		{EE4A070D-B0EA-48E6-9E61-DF956EDA27CC}.DLL Debug.Build.0 = DLL Debug|Win32
		{EE4A070D-B0EA-48E6-9E61-DF956EDA27CC}.DLL Release.ActiveCfg = DLL Release|Win32
		{EE4A070D-B0EA-48E6-9E61-DF956EDA27CC}.DLL Release.Build.0 = DLL Release|Win32
		{EE4A070D-B0EA-48E6-9E61-DF956EDA27CC}.DLL VB.ActiveCfg = DLL VB|Win32
		{EE4A070D-B0EA-48E6-9E61-DF956EDA27CC}.DLL VB.Build.0 = DLL VB|Win32
		{EE4A070D-B0EA-48E6-9E61-DF956EDA27CC}.Dynamic.ActiveCfg = DLL VB|Win32
		{EE4A070D-B0EA-48E6-9E61-DF956EDA27CC}.Dynamic.Build.0 = DLL VB|Win32
		{EE4A070D-B0EA-48E6-9E61-DF956EDA27CC}.LIB ASM Debug.ActiveCfg = LIB ASM Debug|Win32
		{EE4A070D-B0EA-48E6-9E61-DF956EDA27CC}.LIB ASM Debug.Build.0 = LIB ASM Debug|Win32
		{EE4A070D-B0EA-48E6-9E61-DF956EDA27CC}.LIB ASM Release.ActiveCfg = LIB ASM Release|Win32
		{EE4A070D-B0EA-48E6-9E61-DF956EDA27CC}.LIB ASM Release.Build.0 = LIB ASM Release|Win32
		{EE4A070D-B0EA-48E6-9E61-DF956EDA27CC}.LIB Debug.ActiveCfg = LIB Debug|Win32
		{EE4A070D-B0EA-48E6-9E61-DF956EDA27CC}.LIB Debug.Build.0 = LIB Debug|Win32
		{EE4A070D-B0EA-48E6-9E61-DF956EDA27CC}.LIB Release.ActiveCfg = LIB Release|Win32
		{EE4A070D-B0EA-48E6-9E61-DF956EDA27CC}.LIB Release.Build.0 = LIB Release|Win32
		{EE4A070D-B0EA-48E6-9E61-DF956EDA27CC}.Release.ActiveCfg = LIB Release|Win32
		{EE4A070D-B0EA-48E6-9E61-DF956EDA27CC}.Release.Build.0 = LIB Release|Win32
		{EE4A070D-B0EA-48E6-9E61-DF956EDA27CC}.Release P4-AthlonXP.ActiveCfg = LIB ASM Debug|Win32
		{EE4A070D-B0EA-48E6-9E61-DF956EDA27CC}.Release P4-AthlonXP.Build.0 = LIB ASM Debug|Win32
		{EE4A070D-B0EA-48E6-9E61-DF956EDA27CC}.Release Static.ActiveCfg = LIB ASM Debug|Win32
		{EE4A070D-B0EA-48E6-9E61-DF956EDA27CC}.Release Static.Build.0 = LIB ASM Debug|Win32
		{EE4A070D-B0EA-48E6-9E61-DF956EDA27CC}.ReleaseAxp.ActiveCfg = LIB ASM Debug|Win32
		{EE4A070D-B0EA-48E6-9E61-DF956EDA27CC}.ReleaseAxp.Build.0 = LIB ASM Debug|Win32
		{EE4A070D-B0EA-48E6-9E61-DF956EDA27CC}.ReleaseWithoutAsm.ActiveCfg = LIB ASM Debug|Win32
		{EE4A070D-B0EA-48E6-9E61-DF956EDA27CC}.ReleaseWithoutAsm.Build.0 = LIB ASM Debug|Win32
		{EE4A070D-B0EA-48E6-9E61-DF956EDA27CC}.Static.ActiveCfg = LIB ASM Debug|Win32
		{EE4A070D-B0EA-48E6-9E61-DF956EDA27CC}.Static.Build.0 = LIB ASM Debug|Win32
		{EE4A070D-B0EA-48E6-9E61-DF956EDA27CC}.Unicode Debug.ActiveCfg = LIB ASM Debug|Win32
		{EE4A070D-B0EA-48E6-9E61-DF956EDA27CC}.Unicode Debug.Build.0 = LIB ASM Debug|Win32
		{EE4A070D-B0EA-48E6-9E61-DF956EDA27CC}.Unicode Release.ActiveCfg = LIB ASM Debug|Win32
		{EE4A070D-B0EA-48E6-9E61-DF956EDA27CC}.Unicode Release.Build.0 = LIB ASM Debug|Win32
		{A5743026-DE7A-4C3D-86EA-46D6B6847F14}.Beta.ActiveCfg = Unicode Release|Win32
		{A5743026-DE7A-4C3D-86EA-46D6B6847F14}.Beta.Build.0 = Unicode Release|Win32
		{A5743026-DE7A-4C3D-86EA-46D6B6847F14}.Debug.ActiveCfg = Debug|Win32
		{A5743026-DE7A-4C3D-86EA-46D6B6847F14}.Debug.Build.0 = Debug|Win32
		{A5743026-DE7A-4C3D-86EA-46D6B6847F14}.Debug Static.ActiveCfg = Debug Static|Win32
		{A5743026-DE7A-4C3D-86EA-46D6B6847F14}.Debug Static.Build.0 = Debug Static|Win32
		{A5743026-DE7A-4C3D-86EA-46D6B6847F14}.DLL ASM Debug.ActiveCfg = Debug|Win32
		{A5743026-DE7A-4C3D-86EA-46D6B6847F14}.DLL ASM Debug.Build.0 = Debug|Win32
		{A5743026-DE7A-4C3D-86EA-46D6B6847F14}.DLL ASM Release.ActiveCfg = Release|Win32
		{A5743026-DE7A-4C3D-86EA-46D6B6847F14}.DLL ASM Release.Build.0 = Release|Win32
		{A5743026-DE7A-4C3D-86EA-46D6B6847F14}.DLL Debug.ActiveCfg = Debug|Win32
		{A5743026-DE7A-4C3D-86EA-46D6B6847F14}.DLL Debug.Build.0 = Debug|Win32
		{A5743026-DE7A-4C3D-86EA-46D6B6847F14}.DLL Release.ActiveCfg = Release|Win32
		{A5743026-DE7A-4C3D-86EA-46D6B6847F14}.DLL Release.Build.0 = Release|Win32
		{A5743026-DE7A-4C3D-86EA-46D6B6847F14}.DLL VB.ActiveCfg = Debug Static|Win32
		{A5743026-DE7A-4C3D-86EA-46D6B6847F14}.DLL VB.Build.0 = Debug Static|Win32
		{A5743026-DE7A-4C3D-86EA-46D6B6847F14}.Dynamic.ActiveCfg = Debug Static|Win32
		{A5743026-DE7A-4C3D-86EA-46D6B6847F14}.Dynamic.Build.0 = Debug Static|Win32
		{A5743026-DE7A-4C3D-86EA-46D6B6847F14}.LIB ASM Debug.ActiveCfg = Debug|Win32
		{A5743026-DE7A-4C3D-86EA-46D6B6847F14}.LIB ASM Debug.Build.0 = Debug|Win32
		{A5743026-DE7A-4C3D-86EA-46D6B6847F14}.LIB ASM Release.ActiveCfg = Release|Win32
		{A5743026-DE7A-4C3D-86EA-46D6B6847F14}.LIB ASM Release.Build.0 = Release|Win32
		{A5743026-DE7A-4C3D-86EA-46D6B6847F14}.LIB Debug.ActiveCfg = Debug|Win32
		{A5743026-DE7A-4C3D-86EA-46D6B6847F14}.LIB Debug.Build.0 = Debug|Win32
		{A5743026-DE7A-4C3D-86EA-46D6B6847F14}.LIB Release.ActiveCfg = Release|Win32
		{A5743026-DE7A-4C3D-86EA-46D6B6847F14}.LIB Release.Build.0 = Release|Win32
		{A5743026-DE7A-4C3D-86EA-46D6B6847F14}.Release.ActiveCfg = Unicode Release|Win32
		{A5743026-DE7A-4C3D-86EA-46D6B6847F14}.Release.Build.0 = Unicode Release|Win32
		{A5743026-DE7A-4C3D-86EA-46D6B6847F14}.Release P4-AthlonXP.ActiveCfg = Release Static|Win32
		{A5743026-DE7A-4C3D-86EA-46D6B6847F14}.Release P4-AthlonXP.Build.0 = Release Static|Win32
		{A5743026-DE7A-4C3D-86EA-46D6B6847F14}.Release Static.ActiveCfg = Release Static|Win32
		{A5743026-DE7A-4C3D-86EA-46D6B6847F14}.Release Static.Build.0 = Release Static|Win32
		{A5743026-DE7A-4C3D-86EA-46D6B6847F14}.ReleaseAxp.ActiveCfg = Release Static|Win32
		{A5743026-DE7A-4C3D-86EA-46D6B6847F14}.ReleaseAxp.Build.0 = Release Static|Win32
		{A5743026-DE7A-4C3D-86EA-46D6B6847F14}.ReleaseWithoutAsm.ActiveCfg = Release Static|Win32
		{A5743026-DE7A-4C3D-86EA-46D6B6847F14}.ReleaseWithoutAsm.Build.0 = Release Static|Win32
		{A5743026-DE7A-4C3D-86EA-46D6B6847F14}.Static.ActiveCfg = Release Static|Win32
		{A5743026-DE7A-4C3D-86EA-46D6B6847F14}.Static.Build.0 = Release Static|Win32
		{A5743026-DE7A-4C3D-86EA-46D6B6847F14}.Unicode Debug.ActiveCfg = Unicode Debug|Win32
		{A5743026-DE7A-4C3D-86EA-46D6B6847F14}.Unicode Debug.Build.0 = Unicode Debug|Win32
		{A5743026-DE7A-4C3D-86EA-46D6B6847F14}.Unicode Release.ActiveCfg = Unicode Release|Win32
		{A5743026-DE7A-4C3D-86EA-46D6B6847F14}.Unicode Release.Build.0 = Unicode Release|Win32
		{8FEC2660-7F95-4C2E-8747-36176E1FCF82}.Beta.ActiveCfg = Release P4-AthlonXP|Win32
		{8FEC2660-7F95-4C2E-8747-36176E1FCF82}.Beta.Build.0 = Release P4-AthlonXP|Win32
		{8FEC2660-7F95-4C2E-8747-36176E1FCF82}.Debug.ActiveCfg = Debug|Win32
		{8FEC2660-7F95-4C2E-8747-36176E1FCF82}.Debug.Build.0 = Debug|Win32
		{8FEC2660-7F95-4C2E-8747-36176E1FCF82}.Debug Static.ActiveCfg = Debug|Win32
		{8FEC2660-7F95-4C2E-8747-36176E1FCF82}.Debug Static.Build.0 = Debug|Win32
		{8FEC2660-7F95-4C2E-8747-36176E1FCF82}.DLL ASM Debug.ActiveCfg = Debug|Win32
		{8FEC2660-7F95-4C2E-8747-36176E1FCF82}.DLL ASM Debug.Build.0 = Debug|Win32
		{8FEC2660-7F95-4C2E-8747-36176E1FCF82}.DLL ASM Release.ActiveCfg = Release|Win32
		{8FEC2660-7F95-4C2E-8747-36176E1FCF82}.DLL ASM Release.Build.0 = Release|Win32
		{8FEC2660-7F95-4C2E-8747-36176E1FCF82}.DLL Debug.ActiveCfg = Debug|Win32
		{8FEC2660-7F95-4C2E-8747-36176E1FCF82}.DLL Debug.Build.0 = Debug|Win32
		{8FEC2660-7F95-4C2E-8747-36176E1FCF82}.DLL Release.ActiveCfg = Release|Win32
		{8FEC2660-7F95-4C2E-8747-36176E1FCF82}.DLL Release.Build.0 = Release|Win32
		{8FEC2660-7F95-4C2E-8747-36176E1FCF82}.DLL VB.ActiveCfg = Debug|Win32
		{8FEC2660-7F95-4C2E-8747-36176E1FCF82}.DLL VB.Build.0 = Debug|Win32
		{8FEC2660-7F95-4C2E-8747-36176E1FCF82}.Dynamic.ActiveCfg = Debug|Win32
		{8FEC2660-7F95-4C2E-8747-36176E1FCF82}.Dynamic.Build.0 = Debug|Win32
		{8FEC2660-7F95-4C2E-8747-36176E1FCF82}.LIB ASM Debug.ActiveCfg = Debug|Win32
		{8FEC2660-7F95-4C2E-8747-36176E1FCF82}.LIB ASM Debug.Build.0 = Debug|Win32
		{8FEC2660-7F95-4C2E-8747-36176E1FCF82}.LIB ASM Release.ActiveCfg = Release|Win32
		{8FEC2660-7F95-4C2E-8747-36176E1FCF82}.LIB ASM Release.Build.0 = Release|Win32
		{8FEC2660-7F95-4C2E-8747-36176E1FCF82}.LIB Debug.ActiveCfg = Debug|Win32
		{8FEC2660-7F95-4C2E-8747-36176E1FCF82}.LIB Debug.Build.0 = Debug|Win32
		{8FEC2660-7F95-4C2E-8747-36176E1FCF82}.LIB Release.ActiveCfg = Release|Win32
		{8FEC2660-7F95-4C2E-8747-36176E1FCF82}.LIB Release.Build.0 = Release|Win32
		{8FEC2660-7F95-4C2E-8747-36176E1FCF82}.Release.ActiveCfg = Release|Win32
		{8FEC2660-7F95-4C2E-8747-36176E1FCF82}.Release.Build.0 = Release|Win32
		{8FEC2660-7F95-4C2E-8747-36176E1FCF82}.Release P4-AthlonXP.ActiveCfg = Release P4-AthlonXP|Win32
		{8FEC2660-7F95-4C2E-8747-36176E1FCF82}.Release P4-AthlonXP.Build.0 = Release P4-AthlonXP|Win32
		{8FEC2660-7F95-4C2E-8747-36176E1FCF82}.Release Static.ActiveCfg = Release P4-AthlonXP|Win32
		{8FEC2660-7F95-4C2E-8747-36176E1FCF82}.Release Static.Build.0 = Release P4-AthlonXP|Win32
		{8FEC2660-7F95-4C2E-8747-36176E1FCF82}.ReleaseAxp.ActiveCfg = Release P4-AthlonXP|Win32
		{8FEC2660-7F95-4C2E-8747-36176E1FCF82}.ReleaseAxp.Build.0 = Release P4-AthlonXP|Win32
		{8FEC2660-7F95-4C2E-8747-36176E1FCF82}.ReleaseWithoutAsm.ActiveCfg = Release P4-AthlonXP|Win32
		{8FEC2660-7F95-4C2E-8747-36176E1FCF82}.ReleaseWithoutAsm.Build.0 = Release P4-AthlonXP|Win32
		{8FEC2660-7F95-4C2E-8747-36176E1FCF82}.Static.ActiveCfg = Release P4-AthlonXP|Win32
		{8FEC2660-7F95-4C2E-8747-36176E1FCF82}.Static.Build.0 = Release P4-AthlonXP|Win32
		{8FEC2660-7F95-4C2E-8747-36176E1FCF82}.Unicode Debug.ActiveCfg = Debug|Win32
		{8FEC2660-7F95-4C2E-8747-36176E1FCF82}.Unicode Debug.Build.0 = Debug|Win32
		{8FEC2660-7F95-4C2E-8747-36176E1FCF82}.Unicode Release.ActiveCfg = Release|Win32
		{8FEC2660-7F95-4C2E-8747-36176E1FCF82}.Unicode Release.Build.0 = Release|Win32
		{98A1AD27-110A-4C3E-AF0C-4F967E536517}.Beta.ActiveCfg = Debug|Win32
		{98A1AD27-110A-4C3E-AF0C-4F967E536517}.Beta.Build.0 = Debug|Win32
		{98A1AD27-110A-4C3E-AF0C-4F967E536517}.Debug.ActiveCfg = Debug|Win32
		{98A1AD27-110A-4C3E-AF0C-4F967E536517}.Debug.Build.0 = Debug|Win32
		{98A1AD27-110A-4C3E-AF0C-4F967E536517}.Debug Static.ActiveCfg = Debug|Win32
		{98A1AD27-110A-4C3E-AF0C-4F967E536517}.Debug Static.Build.0 = Debug|Win32
		{98A1AD27-110A-4C3E-AF0C-4F967E536517}.DLL ASM Debug.ActiveCfg = Debug|Win32
		{98A1AD27-110A-4C3E-AF0C-4F967E536517}.DLL ASM Debug.Build.0 = Debug|Win32
		{98A1AD27-110A-4C3E-AF0C-4F967E536517}.DLL ASM Release.ActiveCfg = Release|Win32
		{98A1AD27-110A-4C3E-AF0C-4F967E536517}.DLL ASM Release.Build.0 = Release|Win32
		{98A1AD27-110A-4C3E-AF0C-4F967E536517}.DLL Debug.ActiveCfg = Debug|Win32
		{98A1AD27-110A-4C3E-AF0C-4F967E536517}.DLL Debug.Build.0 = Debug|Win32
		{98A1AD27-110A-4C3E-AF0C-4F967E536517}.DLL Release.ActiveCfg = Release|Win32
		{98A1AD27-110A-4C3E-AF0C-4F967E536517}.DLL Release.Build.0 = Release|Win32
		{98A1AD27-110A-4C3E-AF0C-4F967E536517}.DLL VB.ActiveCfg = Debug|Win32
		{98A1AD27-110A-4C3E-AF0C-4F967E536517}.DLL VB.Build.0 = Debug|Win32
		{98A1AD27-110A-4C3E-AF0C-4F967E536517}.Dynamic.ActiveCfg = Debug|Win32
		{98A1AD27-110A-4C3E-AF0C-4F967E536517}.Dynamic.Build.0 = Debug|Win32
		{98A1AD27-110A-4C3E-AF0C-4F967E536517}.LIB ASM Debug.ActiveCfg = Debug|Win32
		{98A1AD27-110A-4C3E-AF0C-4F967E536517}.LIB ASM Debug.Build.0 = Debug|Win32
		{98A1AD27-110A-4C3E-AF0C-4F967E536517}.LIB ASM Release.ActiveCfg = Release|Win32
		{98A1AD27-110A-4C3E-AF0C-4F967E536517}.LIB ASM Release.Build.0 = Release|Win32
		{98A1AD27-110A-4C3E-AF0C-4F967E536517}.LIB Debug.ActiveCfg = Debug|Win32
		{98A1AD27-110A-4C3E-AF0C-4F967E536517}.LIB Debug.Build.0 = Debug|Win32
		{98A1AD27-110A-4C3E-AF0C-4F967E536517}.LIB Release.ActiveCfg = Release|Win32
		{98A1AD27-110A-4C3E-AF0C-4F967E536517}.LIB Release.Build.0 = Release|Win32
		{98A1AD27-110A-4C3E-AF0C-4F967E536517}.Release.ActiveCfg = Release|Win32
		{98A1AD27-110A-4C3E-AF0C-4F967E536517}.Release.Build.0 = Release|Win32
		{98A1AD27-110A-4C3E-AF0C-4F967E536517}.Release P4-AthlonXP.ActiveCfg = Release|Win32
		{98A1AD27-110A-4C3E-AF0C-4F967E536517}.Release P4-AthlonXP.Build.0 = Release|Win32
		{98A1AD27-110A-4C3E-AF0C-4F967E536517}.Release Static.ActiveCfg = Release|Win32
		{98A1AD27-110A-4C3E-AF0C-4F967E536517}.Release Static.Build.0 = Release|Win32
		{98A1AD27-110A-4C3E-AF0C-4F967E536517}.ReleaseAxp.ActiveCfg = Release|Win32
		{98A1AD27-110A-4C3E-AF0C-4F967E536517}.ReleaseAxp.Build.0 = Release|Win32
		{98A1AD27-110A-4C3E-AF0C-4F967E536517}.ReleaseWithoutAsm.ActiveCfg = Release|Win32
		{98A1AD27-110A-4C3E-AF0C-4F967E536517}.ReleaseWithoutAsm.Build.0 = Release|Win32
		{98A1AD27-110A-4C3E-AF0C-4F967E536517}.Static.ActiveCfg = Debug|Win32
		{98A1AD27-110A-4C3E-AF0C-4F967E536517}.Static.Build.0 = Debug|Win32
		{98A1AD27-110A-4C3E-AF0C-4F967E536517}.Unicode Debug.ActiveCfg = Debug|Win32
		{98A1AD27-110A-4C3E-AF0C-4F967E536517}.Unicode Debug.Build.0 = Debug|Win32
		{98A1AD27-110A-4C3E-AF0C-4F967E536517}.Unicode Release.ActiveCfg = Release|Win32
		{98A1AD27-110A-4C3E-AF0C-4F967E536517}.Unicode Release.Build.0 = Release|Win32
		{313EDA74-70F6-481B-8F05-C49A16481905}.Beta.ActiveCfg = Debug|Win32
		{313EDA74-70F6-481B-8F05-C49A16481905}.Beta.Build.0 = Debug|Win32
		{313EDA74-70F6-481B-8F05-C49A16481905}.Debug.ActiveCfg = Debug|Win32
		{313EDA74-70F6-481B-8F05-C49A16481905}.Debug.Build.0 = Debug|Win32
		{313EDA74-70F6-481B-8F05-C49A16481905}.Debug Static.ActiveCfg = Debug|Win32
		{313EDA74-70F6-481B-8F05-C49A16481905}.Debug Static.Build.0 = Debug|Win32
		{313EDA74-70F6-481B-8F05-C49A16481905}.DLL ASM Debug.ActiveCfg = Debug|Win32
		{313EDA74-70F6-481B-8F05-C49A16481905}.DLL ASM Debug.Build.0 = Debug|Win32
		{313EDA74-70F6-481B-8F05-C49A16481905}.DLL ASM Release.ActiveCfg = Release|Win32
		{313EDA74-70F6-481B-8F05-C49A16481905}.DLL ASM Release.Build.0 = Release|Win32
		{313EDA74-70F6-481B-8F05-C49A16481905}.DLL Debug.ActiveCfg = Debug|Win32
		{313EDA74-70F6-481B-8F05-C49A16481905}.DLL Debug.Build.0 = Debug|Win32
		{313EDA74-70F6-481B-8F05-C49A16481905}.DLL Release.ActiveCfg = Release|Win32
		{313EDA74-70F6-481B-8F05-C49A16481905}.DLL Release.Build.0 = Release|Win32
		{313EDA74-70F6-481B-8F05-C49A16481905}.DLL VB.ActiveCfg = Debug|Win32
		{313EDA74-70F6-481B-8F05-C49A16481905}.DLL VB.Build.0 = Debug|Win32
		{313EDA74-70F6-481B-8F05-C49A16481905}.Dynamic.ActiveCfg = Debug|Win32
		{313EDA74-70F6-481B-8F05-C49A16481905}.Dynamic.Build.0 = Debug|Win32
		{313EDA74-70F6-481B-8F05-C49A16481905}.LIB ASM Debug.ActiveCfg = Debug|Win32
		{313EDA74-70F6-481B-8F05-C49A16481905}.LIB ASM Debug.Build.0 = Debug|Win32
		{313EDA74-70F6-481B-8F05-C49A16481905}.LIB ASM Release.ActiveCfg = Release|Win32
		{313EDA74-70F6-481B-8F05-C49A16481905}.LIB ASM Release.Build.0 = Release|Win32
		{313EDA74-70F6-481B-8F05-C49A16481905}.LIB Debug.ActiveCfg = Debug|Win32
		{313EDA74-70F6-481B-8F05-C49A16481905}.LIB Debug.Build.0 = Debug|Win32
		{313EDA74-70F6-481B-8F05-C49A16481905}.LIB Release.ActiveCfg = Release|Win32
		{313EDA74-70F6-481B-8F05-C49A16481905}.LIB Release.Build.0 = Release|Win32
		{313EDA74-70F6-481B-8F05-C49A16481905}.Release.ActiveCfg = Release|Win32
		{313EDA74-70F6-481B-8F05-C49A16481905}.Release.Build.0 = Release|Win32
		{313EDA74-70F6-481B-8F05-C49A16481905}.Release P4-AthlonXP.ActiveCfg = Release|Win32
		{313EDA74-70F6-481B-8F05-C49A16481905}.Release P4-AthlonXP.Build.0 = Release|Win32
		{313EDA74-70F6-481B-8F05-C49A16481905}.Release Static.ActiveCfg = Release|Win32
		{313EDA74-70F6-481B-8F05-C49A16481905}.Release Static.Build.0 = Release|Win32
		{313EDA74-70F6-481B-8F05-C49A16481905}.ReleaseAxp.ActiveCfg = Release|Win32
		{313EDA74-70F6-481B-8F05-C49A16481905}.ReleaseAxp.Build.0 = Release|Win32
		{313EDA74-70F6-481B-8F05-C49A16481905}.ReleaseWithoutAsm.ActiveCfg = Release|Win32
		{313EDA74-70F6-481B-8F05-C49A16481905}.ReleaseWithoutAsm.Build.0 = Release|Win32
		{313EDA74-70F6-481B-8F05-C49A16481905}.Static.ActiveCfg = Debug|Win32
		{313EDA74-70F6-481B-8F05-C49A16481905}.Static.Build.0 = Debug|Win32
		{313EDA74-70F6-481B-8F05-C49A16481905}.Unicode Debug.ActiveCfg = Debug|Win32
		{313EDA74-70F6-481B-8F05-C49A16481905}.Unicode Debug.Build.0 = Debug|Win32
		{313EDA74-70F6-481B-8F05-C49A16481905}.Unicode Release.ActiveCfg = Release|Win32
		{313EDA74-70F6-481B-8F05-C49A16481905}.Unicode Release.Build.0 = Release|Win32
		{584EA69D-3443-4197-8994-364880FC1B9B}.Beta.ActiveCfg = Beta|Win32
		{584EA69D-3443-4197-8994-364880FC1B9B}.Beta.Build.0 = Beta|Win32
		{584EA69D-3443-4197-8994-364880FC1B9B}.Debug.ActiveCfg = Debug|Win32
		{584EA69D-3443-4197-8994-364880FC1B9B}.Debug.Build.0 = Debug|Win32
		{584EA69D-3443-4197-8994-364880FC1B9B}.Debug Static.ActiveCfg = Debug|Win32
		{584EA69D-3443-4197-8994-364880FC1B9B}.Debug Static.Build.0 = Debug|Win32
		{584EA69D-3443-4197-8994-364880FC1B9B}.DLL ASM Debug.ActiveCfg = Debug|Win32
		{584EA69D-3443-4197-8994-364880FC1B9B}.DLL ASM Debug.Build.0 = Debug|Win32
		{584EA69D-3443-4197-8994-364880FC1B9B}.DLL ASM Release.ActiveCfg = Release|Win32
		{584EA69D-3443-4197-8994-364880FC1B9B}.DLL ASM Release.Build.0 = Release|Win32
		{584EA69D-3443-4197-8994-364880FC1B9B}.DLL Debug.ActiveCfg = Debug|Win32
		{584EA69D-3443-4197-8994-364880FC1B9B}.DLL Debug.Build.0 = Debug|Win32
		{584EA69D-3443-4197-8994-364880FC1B9B}.DLL Release.ActiveCfg = Release|Win32
		{584EA69D-3443-4197-8994-364880FC1B9B}.DLL Release.Build.0 = Release|Win32
		{584EA69D-3443-4197-8994-364880FC1B9B}.DLL VB.ActiveCfg = Debug|Win32
		{584EA69D-3443-4197-8994-364880FC1B9B}.DLL VB.Build.0 = Debug|Win32
		{584EA69D-3443-4197-8994-364880FC1B9B}.Dynamic.ActiveCfg = Debug|Win32
		{584EA69D-3443-4197-8994-364880FC1B9B}.Dynamic.Build.0 = Debug|Win32
		{584EA69D-3443-4197-8994-364880FC1B9B}.LIB ASM Debug.ActiveCfg = Debug|Win32
		{584EA69D-3443-4197-8994-364880FC1B9B}.LIB ASM Debug.Build.0 = Debug|Win32
		{584EA69D-3443-4197-8994-364880FC1B9B}.LIB ASM Release.ActiveCfg = Release|Win32
		{584EA69D-3443-4197-8994-364880FC1B9B}.LIB ASM Release.Build.0 = Release|Win32
		{584EA69D-3443-4197-8994-364880FC1B9B}.LIB Debug.ActiveCfg = Debug|Win32
		{584EA69D-3443-4197-8994-364880FC1B9B}.LIB Debug.Build.0 = Debug|Win32
		{584EA69D-3443-4197-8994-364880FC1B9B}.LIB Release.ActiveCfg = Release|Win32
		{584EA69D-3443-4197-8994-364880FC1B9B}.LIB Release.Build.0 = Release|Win32
		{584EA69D-3443-4197-8994-364880FC1B9B}.Release.ActiveCfg = Release|Win32
		{584EA69D-3443-4197-8994-364880FC1B9B}.Release.Build.0 = Release|Win32
		{584EA69D-3443-4197-8994-364880FC1B9B}.Release P4-AthlonXP.ActiveCfg = Release|Win32
		{584EA69D-3443-4197-8994-364880FC1B9B}.Release P4-AthlonXP.Build.0 = Release|Win32
		{584EA69D-3443-4197-8994-364880FC1B9B}.Release Static.ActiveCfg = Release|Win32
		{584EA69D-3443-4197-8994-364880FC1B9B}.Release Static.Build.0 = Release|Win32
		{584EA69D-3443-4197-8994-364880FC1B9B}.ReleaseAxp.ActiveCfg = Release|Win32
		{584EA69D-3443-4197-8994-364880FC1B9B}.ReleaseAxp.Build.0 = Release|Win32
		{584EA69D-3443-4197-8994-364880FC1B9B}.ReleaseWithoutAsm.ActiveCfg = Release|Win32
		{584EA69D-3443-4197-8994-364880FC1B9B}.ReleaseWithoutAsm.Build.0 = Release|Win32
		{584EA69D-3443-4197-8994-364880FC1B9B}.Static.ActiveCfg = Beta|Win32
		{584EA69D-3443-4197-8994-364880FC1B9B}.Static.Build.0 = Beta|Win32
		{584EA69D-3443-4197-8994-364880FC1B9B}.Unicode Debug.ActiveCfg = Debug|Win32
		{584EA69D-3443-4197-8994-364880FC1B9B}.Unicode Debug.Build.0 = Debug|Win32
		{584EA69D-3443-4197-8994-364880FC1B9B}.Unicode Release.ActiveCfg = Release|Win32
		{584EA69D-3443-4197-8994-364880FC1B9B}.Unicode Release.Build.0 = Release|Win32
	EndGlobalSection
	GlobalSection(ExtensibilityGlobals) = postSolution
	EndGlobalSection
	GlobalSection(ExtensibilityAddIns) = postSolution
	EndGlobalSection
EndGlobal
