Microsoft Visual Studio Solution File, Format Version 9.00
# Visual Studio 2005
Project("{8BC9CEB8-8B4A-11D0-8D11-00A0C91BC942}") = "emule80", "emule80.vcproj", "{584EA69D-3443-4197-8994-364880FC1B9B}"
	ProjectSection(ProjectDependencies) = postProject
		{98A1AD27-110A-4C3E-AF0C-4F967E536517} = {98A1AD27-110A-4C3E-AF0C-4F967E536517}
		{58A54F98-FF3F-472F-9282-DA411EE850A2} = {58A54F98-FF3F-472F-9282-DA411EE850A2}
		{5C2D7860-D1EE-4D75-B42B-EE548AD6E9F9} = {5C2D7860-D1EE-4D75-B42B-EE548AD6E9F9}
		{119FB498-E3AC-49A5-A310-20E8B466B413} = {119FB498-E3AC-49A5-A310-20E8B466B413}
		{3E1649FA-0B0F-460D-9AE4-7B702737B13D} = {3E1649FA-0B0F-460D-9AE4-7B702737B13D}
		{3423EC9A-52E4-4A4D-9753-EDEBC38785EF} = {3423EC9A-52E4-4A4D-9753-EDEBC38785EF}
		{313EDA74-70F6-481B-8F05-C49A16481905} = {313EDA74-70F6-481B-8F05-C49A16481905}
		{8FEC2660-7F95-4C2E-8747-36176E1FCF82} = {8FEC2660-7F95-4C2E-8747-36176E1FCF82}
		{A5743026-DE7A-4C3D-86EA-46D6B6847F14} = {A5743026-DE7A-4C3D-86EA-46D6B6847F14}
	EndProjectSection
EndProject
Project("{8BC9CEB8-8B4A-11D0-8D11-00A0C91BC942}") = "cximage80", "CxImage\cximage80.vcproj", "{8FEC2660-7F95-4C2E-8747-36176E1FCF82}"
EndProject
Project("{8BC9CEB8-8B4A-11D0-8D11-00A0C91BC942}") = "ResizableLib80", "..\Resizablelib\ResizableLib80.vcproj", "{A5743026-DE7A-4C3D-86EA-46D6B6847F14}"
EndProject
Project("{8BC9CEB8-8B4A-11D0-8D11-00A0C91BC942}") = "pthread80", "pthreads\pthreads\pthread80.vcproj", "{98A1AD27-110A-4C3E-AF0C-4F967E536517}"
EndProject
Project("{8BC9CEB8-8B4A-11D0-8D11-00A0C91BC942}") = "libpng80", "..\png\projects\visualc71\libpng80.vcproj", "{3E1649FA-0B0F-460D-9AE4-7B702737B13D}"
EndProject
Project("{8BC9CEB8-8B4A-11D0-8D11-00A0C91BC942}") = "upnpLib80", "upnplib\win32project\upnpLib80.vcproj", "{313EDA74-70F6-481B-8F05-C49A16481905}"
	ProjectSection(ProjectDependencies) = postProject
		{98A1AD27-110A-4C3E-AF0C-4F967E536517} = {98A1AD27-110A-4C3E-AF0C-4F967E536517}
	EndProjectSection
EndProject
Project("{8BC9CEB8-8B4A-11D0-8D11-00A0C91BC942}") = "id3lib80", "..\id3lib\id3lib80.vcproj", "{119FB498-E3AC-49A5-A310-20E8B466B413}"
EndProject
Project("{8BC9CEB8-8B4A-11D0-8D11-00A0C91BC942}") = "zlib80", "..\zlib\zlib80.vcproj", "{5C2D7860-D1EE-4D75-B42B-EE548AD6E9F9}"
EndProject
Project("{8BC9CEB8-8B4A-11D0-8D11-00A0C91BC942}") = "cryptlib80", "..\cryptopp\cryptlib80.vcproj", "{3423EC9A-52E4-4A4D-9753-EDEBC38785EF}"
EndProject
Project("{8BC9CEB8-8B4A-11D0-8D11-00A0C91BC942}") = "ReplaceVistaIcon_vc80", "..\ReplaceVistaIcon\ReplaceVistaIcon_vc80.vcproj", "{58A54F98-FF3F-472F-9282-DA411EE850A2}"
EndProject
Global
	GlobalSection(SolutionConfigurationPlatforms) = preSolution
		Beta|Win32 = Beta|Win32
		debug80|Win32 = debug80|Win32
		Release|Win32 = Release|Win32
	EndGlobalSection
	GlobalSection(ProjectConfigurationPlatforms) = postSolution
		{584EA69D-3443-4197-8994-364880FC1B9B}.Beta|Win32.ActiveCfg = Beta|Win32
		{584EA69D-3443-4197-8994-364880FC1B9B}.Beta|Win32.Build.0 = Beta|Win32
		{584EA69D-3443-4197-8994-364880FC1B9B}.debug80|Win32.ActiveCfg = debug80|Win32
		{584EA69D-3443-4197-8994-364880FC1B9B}.debug80|Win32.Build.0 = debug80|Win32
		{584EA69D-3443-4197-8994-364880FC1B9B}.Release|Win32.ActiveCfg = Release|Win32
		{584EA69D-3443-4197-8994-364880FC1B9B}.Release|Win32.Build.0 = Release|Win32
		{8FEC2660-7F95-4C2E-8747-36176E1FCF82}.Beta|Win32.ActiveCfg = Release|Win32
		{8FEC2660-7F95-4C2E-8747-36176E1FCF82}.Beta|Win32.Build.0 = Release|Win32
		{8FEC2660-7F95-4C2E-8747-36176E1FCF82}.debug80|Win32.ActiveCfg = debug80|Win32
		{8FEC2660-7F95-4C2E-8747-36176E1FCF82}.debug80|Win32.Build.0 = debug80|Win32
		{8FEC2660-7F95-4C2E-8747-36176E1FCF82}.Release|Win32.ActiveCfg = Release|Win32
		{8FEC2660-7F95-4C2E-8747-36176E1FCF82}.Release|Win32.Build.0 = Release|Win32
		{A5743026-DE7A-4C3D-86EA-46D6B6847F14}.Beta|Win32.ActiveCfg = Unicode Release|Win32
		{A5743026-DE7A-4C3D-86EA-46D6B6847F14}.Beta|Win32.Build.0 = Unicode Release|Win32
		{A5743026-DE7A-4C3D-86EA-46D6B6847F14}.debug80|Win32.ActiveCfg = debug80|Win32
		{A5743026-DE7A-4C3D-86EA-46D6B6847F14}.debug80|Win32.Build.0 = debug80|Win32
		{A5743026-DE7A-4C3D-86EA-46D6B6847F14}.Release|Win32.ActiveCfg = Release|Win32
		{A5743026-DE7A-4C3D-86EA-46D6B6847F14}.Release|Win32.Build.0 = Release|Win32
		{98A1AD27-110A-4C3E-AF0C-4F967E536517}.Beta|Win32.ActiveCfg = Release|Win32
		{98A1AD27-110A-4C3E-AF0C-4F967E536517}.Beta|Win32.Build.0 = Release|Win32
		{98A1AD27-110A-4C3E-AF0C-4F967E536517}.debug80|Win32.ActiveCfg = debug80|Win32
		{98A1AD27-110A-4C3E-AF0C-4F967E536517}.debug80|Win32.Build.0 = debug80|Win32
		{98A1AD27-110A-4C3E-AF0C-4F967E536517}.Release|Win32.ActiveCfg = Release|Win32
		{98A1AD27-110A-4C3E-AF0C-4F967E536517}.Release|Win32.Build.0 = Release|Win32
		{3E1649FA-0B0F-460D-9AE4-7B702737B13D}.Beta|Win32.ActiveCfg = LIB ASM Release|Win32
		{3E1649FA-0B0F-460D-9AE4-7B702737B13D}.Beta|Win32.Build.0 = LIB ASM Release|Win32
		{3E1649FA-0B0F-460D-9AE4-7B702737B13D}.debug80|Win32.ActiveCfg = debug80|Win32
		{3E1649FA-0B0F-460D-9AE4-7B702737B13D}.debug80|Win32.Build.0 = debug80|Win32
		{3E1649FA-0B0F-460D-9AE4-7B702737B13D}.Release|Win32.ActiveCfg = LIB Release|Win32
		{3E1649FA-0B0F-460D-9AE4-7B702737B13D}.Release|Win32.Build.0 = LIB Release|Win32
		{313EDA74-70F6-481B-8F05-C49A16481905}.Beta|Win32.ActiveCfg = releasewin98|Win32
		{313EDA74-70F6-481B-8F05-C49A16481905}.Beta|Win32.Build.0 = releasewin98|Win32
		{313EDA74-70F6-481B-8F05-C49A16481905}.debug80|Win32.ActiveCfg = debug80|Win32
		{313EDA74-70F6-481B-8F05-C49A16481905}.debug80|Win32.Build.0 = debug80|Win32
		{313EDA74-70F6-481B-8F05-C49A16481905}.Release|Win32.ActiveCfg = Release|Win32
		{313EDA74-70F6-481B-8F05-C49A16481905}.Release|Win32.Build.0 = Release|Win32
		{119FB498-E3AC-49A5-A310-20E8B466B413}.Beta|Win32.ActiveCfg = Release|Win32
		{119FB498-E3AC-49A5-A310-20E8B466B413}.Beta|Win32.Build.0 = Release|Win32
		{119FB498-E3AC-49A5-A310-20E8B466B413}.debug80|Win32.ActiveCfg = debug80|Win32
		{119FB498-E3AC-49A5-A310-20E8B466B413}.debug80|Win32.Build.0 = debug80|Win32
		{119FB498-E3AC-49A5-A310-20E8B466B413}.Release|Win32.ActiveCfg = Release|Win32
		{119FB498-E3AC-49A5-A310-20E8B466B413}.Release|Win32.Build.0 = Release|Win32
		{5C2D7860-D1EE-4D75-B42B-EE548AD6E9F9}.Beta|Win32.ActiveCfg = Release|Win32
		{5C2D7860-D1EE-4D75-B42B-EE548AD6E9F9}.Beta|Win32.Build.0 = Release|Win32
		{5C2D7860-D1EE-4D75-B42B-EE548AD6E9F9}.debug80|Win32.ActiveCfg = debug80|Win32
		{5C2D7860-D1EE-4D75-B42B-EE548AD6E9F9}.debug80|Win32.Build.0 = debug80|Win32
		{5C2D7860-D1EE-4D75-B42B-EE548AD6E9F9}.Release|Win32.ActiveCfg = Release|Win32
		{5C2D7860-D1EE-4D75-B42B-EE548AD6E9F9}.Release|Win32.Build.0 = Release|Win32
		{3423EC9A-52E4-4A4D-9753-EDEBC38785EF}.Beta|Win32.ActiveCfg = Release|Win32
		{3423EC9A-52E4-4A4D-9753-EDEBC38785EF}.Beta|Win32.Build.0 = Release|Win32
		{3423EC9A-52E4-4A4D-9753-EDEBC38785EF}.debug80|Win32.ActiveCfg = debug80|Win32
		{3423EC9A-52E4-4A4D-9753-EDEBC38785EF}.debug80|Win32.Build.0 = debug80|Win32
		{3423EC9A-52E4-4A4D-9753-EDEBC38785EF}.Release|Win32.ActiveCfg = Release|Win32
		{3423EC9A-52E4-4A4D-9753-EDEBC38785EF}.Release|Win32.Build.0 = Release|Win32
		{58A54F98-FF3F-472F-9282-DA411EE850A2}.Beta|Win32.ActiveCfg = Release|Win32
		{58A54F98-FF3F-472F-9282-DA411EE850A2}.Beta|Win32.Build.0 = Release|Win32
		{58A54F98-FF3F-472F-9282-DA411EE850A2}.debug80|Win32.ActiveCfg = Debug|Win32
		{58A54F98-FF3F-472F-9282-DA411EE850A2}.debug80|Win32.Build.0 = Debug|Win32
		{58A54F98-FF3F-472F-9282-DA411EE850A2}.Release|Win32.ActiveCfg = Release|Win32
		{58A54F98-FF3F-472F-9282-DA411EE850A2}.Release|Win32.Build.0 = Release|Win32
	EndGlobalSection
	GlobalSection(SolutionProperties) = preSolution
		HideSolutionNode = FALSE
	EndGlobalSection
EndGlobal
