Microsoft Visual Studio Solution File, Format Version 8.00
Project("{8BC9CEB8-8B4A-11D0-8D11-00A0C91BC942}") = "upnpLib", "upnplib\win32project\upnpLib.vcproj", "{313EDA74-70F6-481B-8F05-C49A16481905}"
	ProjectSection(ProjectDependencies) = postProject
	EndProjectSection
EndProject
Project("{8BC9CEB8-8B4A-11D0-8D11-00A0C91BC942}") = "emule", "emule.vcproj", "{584EA69D-3443-4197-8994-364880FC1B9B}"
	ProjectSection(ProjectDependencies) = postProject
		{722AD808-9ECA-459A-8AF5-C0E1AB3D5B87} = {722AD808-9ECA-459A-8AF5-C0E1AB3D5B87}
		{313EDA74-70F6-481B-8F05-C49A16481905} = {313EDA74-70F6-481B-8F05-C49A16481905}
	EndProjectSection
EndProject
Project("{8BC9CEB8-8B4A-11D0-8D11-00A0C91BC942}") = "cryptlib", "..\crypto51\cryptlib.vcproj", "{722AD808-9ECA-459A-8AF5-C0E1AB3D5B87}"
	ProjectSection(ProjectDependencies) = postProject
	EndProjectSection
EndProject
Global
	GlobalSection(SolutionConfiguration) = preSolution
		Beta = Beta
		Debug = Debug
		Debug Static = Debug Static
		DLL ASM Debug = DLL ASM Debug
		DLL ASM Release = DLL ASM Release
		DLL Debug = DLL Debug
		DLL Release = DLL Release
		DLL VB = DLL VB
		LIB ASM Debug = LIB ASM Debug
		LIB ASM Release = LIB ASM Release
		LIB Debug = LIB Debug
		LIB Release = LIB Release
		Release = Release
		Release P4-AthlonXP = Release P4-AthlonXP
		Release Static = Release Static
		ReleaseAxp = ReleaseAxp
		ReleaseWithoutAsm = ReleaseWithoutAsm
		Unicode Debug = Unicode Debug
		Unicode Release = Unicode Release
	EndGlobalSection
	GlobalSection(ProjectDependencies) = postSolution
	EndGlobalSection
	GlobalSection(ProjectConfiguration) = postSolution
		{313EDA74-70F6-481B-8F05-C49A16481905}.Beta.ActiveCfg = Release|Win32
		{313EDA74-70F6-481B-8F05-C49A16481905}.Beta.Build.0 = Release|Win32
		{313EDA74-70F6-481B-8F05-C49A16481905}.Debug.ActiveCfg = Debug|Win32
		{313EDA74-70F6-481B-8F05-C49A16481905}.Debug.Build.0 = Debug|Win32
		{313EDA74-70F6-481B-8F05-C49A16481905}.Debug Static.ActiveCfg = Debug|Win32
		{313EDA74-70F6-481B-8F05-C49A16481905}.DLL ASM Debug.ActiveCfg = Debug|Win32
		{313EDA74-70F6-481B-8F05-C49A16481905}.DLL ASM Debug.Build.0 = Debug|Win32
		{313EDA74-70F6-481B-8F05-C49A16481905}.DLL ASM Release.ActiveCfg = Release|Win32
		{313EDA74-70F6-481B-8F05-C49A16481905}.DLL ASM Release.Build.0 = Release|Win32
		{313EDA74-70F6-481B-8F05-C49A16481905}.DLL Debug.ActiveCfg = Debug|Win32
		{313EDA74-70F6-481B-8F05-C49A16481905}.DLL Debug.Build.0 = Debug|Win32
		{313EDA74-70F6-481B-8F05-C49A16481905}.DLL Release.ActiveCfg = Release|Win32
		{313EDA74-70F6-481B-8F05-C49A16481905}.DLL Release.Build.0 = Release|Win32
		{313EDA74-70F6-481B-8F05-C49A16481905}.DLL VB.ActiveCfg = Debug|Win32
		{313EDA74-70F6-481B-8F05-C49A16481905}.DLL VB.Build.0 = Debug|Win32
		{313EDA74-70F6-481B-8F05-C49A16481905}.LIB ASM Debug.ActiveCfg = Debug|Win32
		{313EDA74-70F6-481B-8F05-C49A16481905}.LIB ASM Debug.Build.0 = Debug|Win32
		{313EDA74-70F6-481B-8F05-C49A16481905}.LIB ASM Release.ActiveCfg = Release|Win32
		{313EDA74-70F6-481B-8F05-C49A16481905}.LIB ASM Release.Build.0 = Release|Win32
		{313EDA74-70F6-481B-8F05-C49A16481905}.LIB Debug.ActiveCfg = Debug|Win32
		{313EDA74-70F6-481B-8F05-C49A16481905}.LIB Debug.Build.0 = Debug|Win32
		{313EDA74-70F6-481B-8F05-C49A16481905}.LIB Release.ActiveCfg = Release|Win32
		{313EDA74-70F6-481B-8F05-C49A16481905}.LIB Release.Build.0 = Release|Win32
		{313EDA74-70F6-481B-8F05-C49A16481905}.Release.ActiveCfg = Release|Win32
		{313EDA74-70F6-481B-8F05-C49A16481905}.Release.Build.0 = Release|Win32
		{313EDA74-70F6-481B-8F05-C49A16481905}.Release P4-AthlonXP.ActiveCfg = Release|Win32
		{313EDA74-70F6-481B-8F05-C49A16481905}.Release Static.ActiveCfg = Release|Win32
		{313EDA74-70F6-481B-8F05-C49A16481905}.ReleaseAxp.ActiveCfg = Release|Win32
		{313EDA74-70F6-481B-8F05-C49A16481905}.ReleaseAxp.Build.0 = Release|Win32
		{313EDA74-70F6-481B-8F05-C49A16481905}.ReleaseWithoutAsm.ActiveCfg = Release|Win32
		{313EDA74-70F6-481B-8F05-C49A16481905}.ReleaseWithoutAsm.Build.0 = Release|Win32
		{313EDA74-70F6-481B-8F05-C49A16481905}.Unicode Debug.ActiveCfg = Debug|Win32
		{313EDA74-70F6-481B-8F05-C49A16481905}.Unicode Release.ActiveCfg = Release|Win32
		{584EA69D-3443-4197-8994-364880FC1B9B}.Beta.ActiveCfg = Beta|Win32
		{584EA69D-3443-4197-8994-364880FC1B9B}.Beta.Build.0 = Beta|Win32
		{584EA69D-3443-4197-8994-364880FC1B9B}.Debug.ActiveCfg = Debug|Win32
		{584EA69D-3443-4197-8994-364880FC1B9B}.Debug.Build.0 = Debug|Win32
		{584EA69D-3443-4197-8994-364880FC1B9B}.Debug Static.ActiveCfg = Debug|Win32
		{584EA69D-3443-4197-8994-364880FC1B9B}.DLL ASM Debug.ActiveCfg = Debug|Win32
		{584EA69D-3443-4197-8994-364880FC1B9B}.DLL ASM Debug.Build.0 = Debug|Win32
		{584EA69D-3443-4197-8994-364880FC1B9B}.DLL ASM Release.ActiveCfg = Release|Win32
		{584EA69D-3443-4197-8994-364880FC1B9B}.DLL ASM Release.Build.0 = Release|Win32
		{584EA69D-3443-4197-8994-364880FC1B9B}.DLL Debug.ActiveCfg = Debug|Win32
		{584EA69D-3443-4197-8994-364880FC1B9B}.DLL Debug.Build.0 = Debug|Win32
		{584EA69D-3443-4197-8994-364880FC1B9B}.DLL Release.ActiveCfg = Release|Win32
		{584EA69D-3443-4197-8994-364880FC1B9B}.DLL Release.Build.0 = Release|Win32
		{584EA69D-3443-4197-8994-364880FC1B9B}.DLL VB.ActiveCfg = Debug|Win32
		{584EA69D-3443-4197-8994-364880FC1B9B}.DLL VB.Build.0 = Debug|Win32
		{584EA69D-3443-4197-8994-364880FC1B9B}.LIB ASM Debug.ActiveCfg = Debug|Win32
		{584EA69D-3443-4197-8994-364880FC1B9B}.LIB ASM Debug.Build.0 = Debug|Win32
		{584EA69D-3443-4197-8994-364880FC1B9B}.LIB ASM Release.ActiveCfg = Release|Win32
		{584EA69D-3443-4197-8994-364880FC1B9B}.LIB ASM Release.Build.0 = Release|Win32
		{584EA69D-3443-4197-8994-364880FC1B9B}.LIB Debug.ActiveCfg = Debug|Win32
		{584EA69D-3443-4197-8994-364880FC1B9B}.LIB Debug.Build.0 = Debug|Win32
		{584EA69D-3443-4197-8994-364880FC1B9B}.LIB Release.ActiveCfg = Release|Win32
		{584EA69D-3443-4197-8994-364880FC1B9B}.LIB Release.Build.0 = Release|Win32
		{584EA69D-3443-4197-8994-364880FC1B9B}.Release.ActiveCfg = Release|Win32
		{584EA69D-3443-4197-8994-364880FC1B9B}.Release.Build.0 = Release|Win32
		{584EA69D-3443-4197-8994-364880FC1B9B}.Release P4-AthlonXP.ActiveCfg = Release|Win32
		{584EA69D-3443-4197-8994-364880FC1B9B}.Release Static.ActiveCfg = Release|Win32
		{584EA69D-3443-4197-8994-364880FC1B9B}.ReleaseAxp.ActiveCfg = Release|Win32
		{584EA69D-3443-4197-8994-364880FC1B9B}.ReleaseAxp.Build.0 = Release|Win32
		{584EA69D-3443-4197-8994-364880FC1B9B}.ReleaseWithoutAsm.ActiveCfg = Release|Win32
		{584EA69D-3443-4197-8994-364880FC1B9B}.ReleaseWithoutAsm.Build.0 = Release|Win32
		{584EA69D-3443-4197-8994-364880FC1B9B}.Unicode Debug.ActiveCfg = Debug|Win32
		{584EA69D-3443-4197-8994-364880FC1B9B}.Unicode Release.ActiveCfg = Release|Win32
		{722AD808-9ECA-459A-8AF5-C0E1AB3D5B87}.Beta.ActiveCfg = Release|Win32
		{722AD808-9ECA-459A-8AF5-C0E1AB3D5B87}.Beta.Build.0 = Release|Win32
		{722AD808-9ECA-459A-8AF5-C0E1AB3D5B87}.Debug.ActiveCfg = Debug|Win32
		{722AD808-9ECA-459A-8AF5-C0E1AB3D5B87}.Debug.Build.0 = Debug|Win32
		{722AD808-9ECA-459A-8AF5-C0E1AB3D5B87}.Debug Static.ActiveCfg = Debug|Win32
		{722AD808-9ECA-459A-8AF5-C0E1AB3D5B87}.DLL ASM Debug.ActiveCfg = Debug|Win32
		{722AD808-9ECA-459A-8AF5-C0E1AB3D5B87}.DLL ASM Debug.Build.0 = Debug|Win32
		{722AD808-9ECA-459A-8AF5-C0E1AB3D5B87}.DLL ASM Release.ActiveCfg = Release|Win32
		{722AD808-9ECA-459A-8AF5-C0E1AB3D5B87}.DLL ASM Release.Build.0 = Release|Win32
		{722AD808-9ECA-459A-8AF5-C0E1AB3D5B87}.DLL Debug.ActiveCfg = Debug|Win32
		{722AD808-9ECA-459A-8AF5-C0E1AB3D5B87}.DLL Debug.Build.0 = Debug|Win32
		{722AD808-9ECA-459A-8AF5-C0E1AB3D5B87}.DLL Release.ActiveCfg = Release|Win32
		{722AD808-9ECA-459A-8AF5-C0E1AB3D5B87}.DLL Release.Build.0 = Release|Win32
		{722AD808-9ECA-459A-8AF5-C0E1AB3D5B87}.DLL VB.ActiveCfg = Debug|Win32
		{722AD808-9ECA-459A-8AF5-C0E1AB3D5B87}.DLL VB.Build.0 = Debug|Win32
		{722AD808-9ECA-459A-8AF5-C0E1AB3D5B87}.LIB ASM Debug.ActiveCfg = Debug|Win32
		{722AD808-9ECA-459A-8AF5-C0E1AB3D5B87}.LIB ASM Debug.Build.0 = Debug|Win32
		{722AD808-9ECA-459A-8AF5-C0E1AB3D5B87}.LIB ASM Release.ActiveCfg = Release|Win32
		{722AD808-9ECA-459A-8AF5-C0E1AB3D5B87}.LIB ASM Release.Build.0 = Release|Win32
		{722AD808-9ECA-459A-8AF5-C0E1AB3D5B87}.LIB Debug.ActiveCfg = Debug|Win32
		{722AD808-9ECA-459A-8AF5-C0E1AB3D5B87}.LIB Debug.Build.0 = Debug|Win32
		{722AD808-9ECA-459A-8AF5-C0E1AB3D5B87}.LIB Release.ActiveCfg = Release|Win32
		{722AD808-9ECA-459A-8AF5-C0E1AB3D5B87}.LIB Release.Build.0 = Release|Win32
		{722AD808-9ECA-459A-8AF5-C0E1AB3D5B87}.Release.ActiveCfg = Release|Win32
		{722AD808-9ECA-459A-8AF5-C0E1AB3D5B87}.Release.Build.0 = Release|Win32
		{722AD808-9ECA-459A-8AF5-C0E1AB3D5B87}.Release P4-AthlonXP.ActiveCfg = Release|Win32
		{722AD808-9ECA-459A-8AF5-C0E1AB3D5B87}.Release Static.ActiveCfg = Release|Win32
		{722AD808-9ECA-459A-8AF5-C0E1AB3D5B87}.ReleaseAxp.ActiveCfg = Release|Win32
		{722AD808-9ECA-459A-8AF5-C0E1AB3D5B87}.ReleaseAxp.Build.0 = Release|Win32
		{722AD808-9ECA-459A-8AF5-C0E1AB3D5B87}.ReleaseWithoutAsm.ActiveCfg = Release|Win32
		{722AD808-9ECA-459A-8AF5-C0E1AB3D5B87}.ReleaseWithoutAsm.Build.0 = Release|Win32
		{722AD808-9ECA-459A-8AF5-C0E1AB3D5B87}.Unicode Debug.ActiveCfg = Debug|Win32
		{722AD808-9ECA-459A-8AF5-C0E1AB3D5B87}.Unicode Release.ActiveCfg = Release|Win32
	EndGlobalSection
	GlobalSection(ExtensibilityGlobals) = postSolution
	EndGlobalSection
	GlobalSection(ExtensibilityAddIns) = postSolution
	EndGlobalSection
	GlobalSection(DevPartner) = postSolution
	EndGlobalSection
	GlobalSection(DevPartner) = postSolution
	EndGlobalSection
	GlobalSection(DevPartner) = postSolution
	EndGlobalSection
	GlobalSection(DevPartner) = postSolution
	EndGlobalSection
	GlobalSection(DevPartner) = postSolution
	EndGlobalSection
EndGlobal
