
Microsoft Visual Studio Solution File, Format Version 12.00
# Visual Studio Version 16
VisualStudioVersion = 16.0.30611.23
MinimumVisualStudioVersion = 10.0.40219.1
Project("{8BC9CEB8-8B4A-11D0-8D11-00A0C91BC942}") = "emule", "emule.vcxproj", "{584EA69D-3443-4197-8994-364880FC1B9B}"
	ProjectSection(ProjectDependencies) = postProject
		{C39F4B46-6E89-4074-902E-CA57073044D2} = {C39F4B46-6E89-4074-902E-CA57073044D2}
	EndProjectSection
EndProject
Project("{8BC9CEB8-8B4A-11D0-8D11-00A0C91BC942}") = "cryptlib", "..\cryptopp\cryptlib.vcxproj", "{C39F4B46-6E89-4074-902E-CA57073044D2}"
EndProject
Project("{8BC9CEB8-8B4A-11D0-8D11-00A0C91BC942}") = "id3lib", "..\id3lib\id3lib.vcxproj", "{119FB498-E3AC-49A5-A310-20E8B466B413}"
EndProject
Project("{8BC9CEB8-8B4A-11D0-8D11-00A0C91BC942}") = "libpng", "..\png\projects\visualc71\libpng.vcxproj", "{3E1649FA-0B0F-460D-9AE4-7B702737B13D}"
EndProject
Project("{8BC9CEB8-8B4A-11D0-8D11-00A0C91BC942}") = "ReplaceVistaIcon", "..\ReplaceVistaIcon\ReplaceVistaIcon.vcxproj", "{58A54F98-FF3F-472F-9282-DA411EE850A2}"
EndProject
Project("{8BC9CEB8-8B4A-11D0-8D11-00A0C91BC942}") = "ResizableLib", "..\ResizableLib\ResizableLib.vcxproj", "{A5743026-DE7A-4C3D-86EA-46D6B6847F14}"
EndProject
Project("{8BC9CEB8-8B4A-11D0-8D11-00A0C91BC942}") = "cximage", "CxImage\cximage.vcxproj", "{8FEC2660-7F95-4C2E-8747-36176E1FCF82}"
EndProject
Project("{8BC9CEB8-8B4A-11D0-8D11-00A0C91BC942}") = "pthread", "pthreads\pthreads\pthread.vcxproj", "{98A1AD27-110A-4C3E-AF0C-4F967E536517}"
EndProject
Project("{8BC9CEB8-8B4A-11D0-8D11-00A0C91BC942}") = "upnpLib", "upnplib\win32project\upnpLib.vcxproj", "{313EDA74-70F6-481B-8F05-C49A16481905}"
EndProject
Project("{8BC9CEB8-8B4A-11D0-8D11-00A0C91BC942}") = "zlibstat", "..\zlib\contrib\vstudio\vc14\zlibstat.vcxproj", "{745DEC58-EBB3-47A9-A9B8-4C6627C01BF8}"
EndProject
Global
	GlobalSection(SolutionConfigurationPlatforms) = preSolution
		Beta|Win32 = Beta|Win32
		Beta|x64 = Beta|x64
		Debug|Win32 = Debug|Win32
		Debug|x64 = Debug|x64
		Release|Win32 = Release|Win32
		Release|x64 = Release|x64
	EndGlobalSection
	GlobalSection(ProjectConfigurationPlatforms) = postSolution
		{584EA69D-3443-4197-8994-364880FC1B9B}.Beta|Win32.ActiveCfg = Beta|Win32
		{584EA69D-3443-4197-8994-364880FC1B9B}.Beta|Win32.Build.0 = Beta|Win32
		{584EA69D-3443-4197-8994-364880FC1B9B}.Beta|x64.ActiveCfg = Beta|Win32
		{584EA69D-3443-4197-8994-364880FC1B9B}.Debug|Win32.ActiveCfg = Debug|Win32
		{584EA69D-3443-4197-8994-364880FC1B9B}.Debug|Win32.Build.0 = Debug|Win32
		{584EA69D-3443-4197-8994-364880FC1B9B}.Debug|x64.ActiveCfg = debug90|Win32
		{584EA69D-3443-4197-8994-364880FC1B9B}.Release|Win32.ActiveCfg = Release|Win32
		{584EA69D-3443-4197-8994-364880FC1B9B}.Release|Win32.Build.0 = Release|Win32
		{584EA69D-3443-4197-8994-364880FC1B9B}.Release|x64.ActiveCfg = Release|Win32
		{C39F4B46-6E89-4074-902E-CA57073044D2}.Beta|Win32.ActiveCfg = Release|Win32
		{C39F4B46-6E89-4074-902E-CA57073044D2}.Beta|Win32.Build.0 = Release|Win32
		{C39F4B46-6E89-4074-902E-CA57073044D2}.Beta|x64.ActiveCfg = DLL-Import Debug|x64
		{C39F4B46-6E89-4074-902E-CA57073044D2}.Beta|x64.Build.0 = DLL-Import Debug|x64
		{C39F4B46-6E89-4074-902E-CA57073044D2}.Debug|Win32.ActiveCfg = Debug|Win32
		{C39F4B46-6E89-4074-902E-CA57073044D2}.Debug|Win32.Build.0 = Debug|Win32
		{C39F4B46-6E89-4074-902E-CA57073044D2}.Debug|x64.ActiveCfg = Debug|x64
		{C39F4B46-6E89-4074-902E-CA57073044D2}.Debug|x64.Build.0 = Debug|x64
		{C39F4B46-6E89-4074-902E-CA57073044D2}.Release|Win32.ActiveCfg = Release|Win32
		{C39F4B46-6E89-4074-902E-CA57073044D2}.Release|Win32.Build.0 = Release|Win32
		{C39F4B46-6E89-4074-902E-CA57073044D2}.Release|x64.ActiveCfg = Release|x64
		{C39F4B46-6E89-4074-902E-CA57073044D2}.Release|x64.Build.0 = Release|x64
		{119FB498-E3AC-49A5-A310-20E8B466B413}.Beta|Win32.ActiveCfg = Release|Win32
		{119FB498-E3AC-49A5-A310-20E8B466B413}.Beta|Win32.Build.0 = Release|Win32
		{119FB498-E3AC-49A5-A310-20E8B466B413}.Beta|x64.ActiveCfg = Debug|Win32
		{119FB498-E3AC-49A5-A310-20E8B466B413}.Debug|Win32.ActiveCfg = Debug|Win32
		{119FB498-E3AC-49A5-A310-20E8B466B413}.Debug|Win32.Build.0 = Debug|Win32
		{119FB498-E3AC-49A5-A310-20E8B466B413}.Debug|x64.ActiveCfg = Debug|Win32
		{119FB498-E3AC-49A5-A310-20E8B466B413}.Release|Win32.ActiveCfg = Release|Win32
		{119FB498-E3AC-49A5-A310-20E8B466B413}.Release|Win32.Build.0 = Release|Win32
		{119FB498-E3AC-49A5-A310-20E8B466B413}.Release|x64.ActiveCfg = Release|Win32
		{3E1649FA-0B0F-460D-9AE4-7B702737B13D}.Beta|Win32.ActiveCfg = LIB Release|Win32
		{3E1649FA-0B0F-460D-9AE4-7B702737B13D}.Beta|Win32.Build.0 = LIB Release|Win32
		{3E1649FA-0B0F-460D-9AE4-7B702737B13D}.Beta|x64.ActiveCfg = debug90|Win32
		{3E1649FA-0B0F-460D-9AE4-7B702737B13D}.Debug|Win32.ActiveCfg = LIB Debug|Win32
		{3E1649FA-0B0F-460D-9AE4-7B702737B13D}.Debug|Win32.Build.0 = LIB Debug|Win32
		{3E1649FA-0B0F-460D-9AE4-7B702737B13D}.Debug|x64.ActiveCfg = debug90|Win32
		{3E1649FA-0B0F-460D-9AE4-7B702737B13D}.Release|Win32.ActiveCfg = LIB Release|Win32
		{3E1649FA-0B0F-460D-9AE4-7B702737B13D}.Release|Win32.Build.0 = LIB Release|Win32
		{3E1649FA-0B0F-460D-9AE4-7B702737B13D}.Release|x64.ActiveCfg = debug90|Win32
		{58A54F98-FF3F-472F-9282-DA411EE850A2}.Beta|Win32.ActiveCfg = Release|Win32
		{58A54F98-FF3F-472F-9282-DA411EE850A2}.Beta|Win32.Build.0 = Release|Win32
		{58A54F98-FF3F-472F-9282-DA411EE850A2}.Beta|x64.ActiveCfg = Release|Win32
		{58A54F98-FF3F-472F-9282-DA411EE850A2}.Debug|Win32.ActiveCfg = Debug|Win32
		{58A54F98-FF3F-472F-9282-DA411EE850A2}.Debug|Win32.Build.0 = Debug|Win32
		{58A54F98-FF3F-472F-9282-DA411EE850A2}.Debug|x64.ActiveCfg = Debug|Win32
		{58A54F98-FF3F-472F-9282-DA411EE850A2}.Release|Win32.ActiveCfg = Release|Win32
		{58A54F98-FF3F-472F-9282-DA411EE850A2}.Release|Win32.Build.0 = Release|Win32
		{58A54F98-FF3F-472F-9282-DA411EE850A2}.Release|x64.ActiveCfg = Release|Win32
		{A5743026-DE7A-4C3D-86EA-46D6B6847F14}.Beta|Win32.ActiveCfg = Release|Win32
		{A5743026-DE7A-4C3D-86EA-46D6B6847F14}.Beta|Win32.Build.0 = Release|Win32
		{A5743026-DE7A-4C3D-86EA-46D6B6847F14}.Beta|x64.ActiveCfg = debug90|Win32
		{A5743026-DE7A-4C3D-86EA-46D6B6847F14}.Debug|Win32.ActiveCfg = Debug|Win32
		{A5743026-DE7A-4C3D-86EA-46D6B6847F14}.Debug|Win32.Build.0 = Debug|Win32
		{A5743026-DE7A-4C3D-86EA-46D6B6847F14}.Debug|x64.ActiveCfg = debug90|Win32
		{A5743026-DE7A-4C3D-86EA-46D6B6847F14}.Release|Win32.ActiveCfg = Release|Win32
		{A5743026-DE7A-4C3D-86EA-46D6B6847F14}.Release|Win32.Build.0 = Release|Win32
		{A5743026-DE7A-4C3D-86EA-46D6B6847F14}.Release|x64.ActiveCfg = Release|Win32
		{8FEC2660-7F95-4C2E-8747-36176E1FCF82}.Beta|Win32.ActiveCfg = Release|Win32
		{8FEC2660-7F95-4C2E-8747-36176E1FCF82}.Beta|Win32.Build.0 = Release|Win32
		{8FEC2660-7F95-4C2E-8747-36176E1FCF82}.Beta|x64.ActiveCfg = Debug|Win32
		{8FEC2660-7F95-4C2E-8747-36176E1FCF82}.Debug|Win32.ActiveCfg = Debug|Win32
		{8FEC2660-7F95-4C2E-8747-36176E1FCF82}.Debug|Win32.Build.0 = Debug|Win32
		{8FEC2660-7F95-4C2E-8747-36176E1FCF82}.Debug|x64.ActiveCfg = Debug|Win32
		{8FEC2660-7F95-4C2E-8747-36176E1FCF82}.Release|Win32.ActiveCfg = Release|Win32
		{8FEC2660-7F95-4C2E-8747-36176E1FCF82}.Release|Win32.Build.0 = Release|Win32
		{8FEC2660-7F95-4C2E-8747-36176E1FCF82}.Release|x64.ActiveCfg = Release|Win32
		{98A1AD27-110A-4C3E-AF0C-4F967E536517}.Beta|Win32.ActiveCfg = Release|Win32
		{98A1AD27-110A-4C3E-AF0C-4F967E536517}.Beta|Win32.Build.0 = Release|Win32
		{98A1AD27-110A-4C3E-AF0C-4F967E536517}.Beta|x64.ActiveCfg = Debug|Win32
		{98A1AD27-110A-4C3E-AF0C-4F967E536517}.Debug|Win32.ActiveCfg = Debug|Win32
		{98A1AD27-110A-4C3E-AF0C-4F967E536517}.Debug|Win32.Build.0 = Debug|Win32
		{98A1AD27-110A-4C3E-AF0C-4F967E536517}.Debug|x64.ActiveCfg = Debug|Win32
		{98A1AD27-110A-4C3E-AF0C-4F967E536517}.Release|Win32.ActiveCfg = Release|Win32
		{98A1AD27-110A-4C3E-AF0C-4F967E536517}.Release|Win32.Build.0 = Release|Win32
		{98A1AD27-110A-4C3E-AF0C-4F967E536517}.Release|x64.ActiveCfg = Release|Win32
		{313EDA74-70F6-481B-8F05-C49A16481905}.Beta|Win32.ActiveCfg = Release|Win32
		{313EDA74-70F6-481B-8F05-C49A16481905}.Beta|Win32.Build.0 = Release|Win32
		{313EDA74-70F6-481B-8F05-C49A16481905}.Beta|x64.ActiveCfg = Debug|Win32
		{313EDA74-70F6-481B-8F05-C49A16481905}.Debug|Win32.ActiveCfg = Debug|Win32
		{313EDA74-70F6-481B-8F05-C49A16481905}.Debug|Win32.Build.0 = Debug|Win32
		{313EDA74-70F6-481B-8F05-C49A16481905}.Debug|x64.ActiveCfg = Debug|Win32
		{313EDA74-70F6-481B-8F05-C49A16481905}.Release|Win32.ActiveCfg = Release|Win32
		{313EDA74-70F6-481B-8F05-C49A16481905}.Release|Win32.Build.0 = Release|Win32
		{313EDA74-70F6-481B-8F05-C49A16481905}.Release|x64.ActiveCfg = Release|Win32
		{745DEC58-EBB3-47A9-A9B8-4C6627C01BF8}.Beta|Win32.ActiveCfg = Debug|Win32
		{745DEC58-EBB3-47A9-A9B8-4C6627C01BF8}.Beta|Win32.Build.0 = Debug|Win32
		{745DEC58-EBB3-47A9-A9B8-4C6627C01BF8}.Beta|x64.ActiveCfg = ReleaseWithoutAsm|x64
		{745DEC58-EBB3-47A9-A9B8-4C6627C01BF8}.Beta|x64.Build.0 = ReleaseWithoutAsm|x64
		{745DEC58-EBB3-47A9-A9B8-4C6627C01BF8}.Debug|Win32.ActiveCfg = Debug|Win32
		{745DEC58-EBB3-47A9-A9B8-4C6627C01BF8}.Debug|Win32.Build.0 = Debug|Win32
		{745DEC58-EBB3-47A9-A9B8-4C6627C01BF8}.Debug|x64.ActiveCfg = Debug|x64
		{745DEC58-EBB3-47A9-A9B8-4C6627C01BF8}.Debug|x64.Build.0 = Debug|x64
		{745DEC58-EBB3-47A9-A9B8-4C6627C01BF8}.Release|Win32.ActiveCfg = Release|Win32
		{745DEC58-EBB3-47A9-A9B8-4C6627C01BF8}.Release|Win32.Build.0 = Release|Win32
		{745DEC58-EBB3-47A9-A9B8-4C6627C01BF8}.Release|x64.ActiveCfg = Release|x64
		{745DEC58-EBB3-47A9-A9B8-4C6627C01BF8}.Release|x64.Build.0 = Release|x64
	EndGlobalSection
	GlobalSection(SolutionProperties) = preSolution
		HideSolutionNode = FALSE
	EndGlobalSection
	GlobalSection(ExtensibilityGlobals) = postSolution
		SolutionGuid = {16B2D3C3-0F81-47D0-8377-94587BF03B09}
	EndGlobalSection
EndGlobal
