Microsoft Visual Studio Solution File, Format Version 8.00
Project("{8BC9CEB8-8B4A-11D0-8D11-00A0C91BC942}") = "id3lib", "..\id3lib\libprj\id3lib.vcproj", "{4AACBF8D-B90F-41AD-A5BE-D5E557C668E3}"
	ProjectSection(ProjectDependencies) = postProject
	EndProjectSection
EndProject
Project("{8BC9CEB8-8B4A-11D0-8D11-00A0C91BC942}") = "ResizableLib", "..\ResizableLib\ResizableLib.vcproj", "{18E0A60D-3346-431A-B24D-304A002E88A4}"
	ProjectSection(ProjectDependencies) = postProject
	EndProjectSection
EndProject
Project("{8BC9CEB8-8B4A-11D0-8D11-00A0C91BC942}") = "CxImage", "CxImage\cximage.vcproj", "{B437B84A-B4B0-4389-BF5B-7E25FD9DCF3D}"
	ProjectSection(ProjectDependencies) = postProject
	EndProjectSection
EndProject
Project("{8BC9CEB8-8B4A-11D0-8D11-00A0C91BC942}") = "libpng", "..\png\projects\visualc71\libpng.vcproj", "{A1D8FE77-83B1-4F81-BFC4-7A4A5B76C33F}"
	ProjectSection(ProjectDependencies) = postProject
	EndProjectSection
EndProject
Project("{8BC9CEB8-8B4A-11D0-8D11-00A0C91BC942}") = "zlibstat", "..\zlib\contrib\vstudio\vc7\zlibstat.vcproj", "{76047B4C-9603-4706-8342-80B1365ED9D5}"
	ProjectSection(ProjectDependencies) = postProject
	EndProjectSection
EndProject
Project("{8BC9CEB8-8B4A-11D0-8D11-00A0C91BC942}") = "pthread", "pthreads\pthreads\pthread.vcproj", "{98A1AD27-110A-4C3E-AF0C-4F967E536517}"
	ProjectSection(ProjectDependencies) = postProject
	EndProjectSection
EndProject
Project("{8BC9CEB8-8B4A-11D0-8D11-00A0C91BC942}") = "upnpLib", "upnplib\win32project\upnpLib.vcproj", "{313EDA74-70F6-481B-8F05-C49A16481905}"
	ProjectSection(ProjectDependencies) = postProject
		{98A1AD27-110A-4C3E-AF0C-4F967E536517} = {98A1AD27-110A-4C3E-AF0C-4F967E536517}
	EndProjectSection
EndProject
Project("{8BC9CEB8-8B4A-11D0-8D11-00A0C91BC942}") = "emule", "emule.vcproj", "{584EA69D-3443-4197-8994-364880FC1B9B}"
	ProjectSection(ProjectDependencies) = postProject
		{18E0A60D-3346-431A-B24D-304A002E88A4} = {18E0A60D-3346-431A-B24D-304A002E88A4}
		{B437B84A-B4B0-4389-BF5B-7E25FD9DCF3D} = {B437B84A-B4B0-4389-BF5B-7E25FD9DCF3D}
		{76047B4C-9603-4706-8342-80B1365ED9D5} = {76047B4C-9603-4706-8342-80B1365ED9D5}
		{313EDA74-70F6-481B-8F05-C49A16481905} = {313EDA74-70F6-481B-8F05-C49A16481905}
		{A1D8FE77-83B1-4F81-BFC4-7A4A5B76C33F} = {A1D8FE77-83B1-4F81-BFC4-7A4A5B76C33F}
		{4AACBF8D-B90F-41AD-A5BE-D5E557C668E3} = {4AACBF8D-B90F-41AD-A5BE-D5E557C668E3}
	EndProjectSection
EndProject
Global
	GlobalSection(SolutionConfiguration) = preSolution
		Beta = Beta
		Debug = Debug
		DLL ASM Debug = DLL ASM Debug
		DLL ASM Release = DLL ASM Release
		DLL Debug = DLL Debug
		DLL Release = DLL Release
		DLL VB = DLL VB
		LIB ASM Debug = LIB ASM Debug
		LIB ASM Release = LIB ASM Release
		LIB Debug = LIB Debug
		LIB Release = LIB Release
		Release = Release
		ReleaseAxp = ReleaseAxp
		releasewin98 = releasewin98
		ReleaseWithoutAsm = ReleaseWithoutAsm
		ReleaseWithoutCrtdll = ReleaseWithoutCrtdll
	EndGlobalSection
	GlobalSection(ProjectConfiguration) = postSolution
		{4AACBF8D-B90F-41AD-A5BE-D5E557C668E3}.Beta.ActiveCfg = Release|Win32
		{4AACBF8D-B90F-41AD-A5BE-D5E557C668E3}.Debug.ActiveCfg = Debug|Win32
		{4AACBF8D-B90F-41AD-A5BE-D5E557C668E3}.Debug.Build.0 = Debug|Win32
		{4AACBF8D-B90F-41AD-A5BE-D5E557C668E3}.DLL ASM Debug.ActiveCfg = Debug|Win32
		{4AACBF8D-B90F-41AD-A5BE-D5E557C668E3}.DLL ASM Debug.Build.0 = Debug|Win32
		{4AACBF8D-B90F-41AD-A5BE-D5E557C668E3}.DLL ASM Release.ActiveCfg = Release|Win32
		{4AACBF8D-B90F-41AD-A5BE-D5E557C668E3}.DLL ASM Release.Build.0 = Release|Win32
		{4AACBF8D-B90F-41AD-A5BE-D5E557C668E3}.DLL Debug.ActiveCfg = Debug|Win32
		{4AACBF8D-B90F-41AD-A5BE-D5E557C668E3}.DLL Debug.Build.0 = Debug|Win32
		{4AACBF8D-B90F-41AD-A5BE-D5E557C668E3}.DLL Release.ActiveCfg = Release|Win32
		{4AACBF8D-B90F-41AD-A5BE-D5E557C668E3}.DLL Release.Build.0 = Release|Win32
		{4AACBF8D-B90F-41AD-A5BE-D5E557C668E3}.DLL VB.ActiveCfg = Debug|Win32
		{4AACBF8D-B90F-41AD-A5BE-D5E557C668E3}.DLL VB.Build.0 = Debug|Win32
		{4AACBF8D-B90F-41AD-A5BE-D5E557C668E3}.LIB ASM Debug.ActiveCfg = Debug|Win32
		{4AACBF8D-B90F-41AD-A5BE-D5E557C668E3}.LIB ASM Debug.Build.0 = Debug|Win32
		{4AACBF8D-B90F-41AD-A5BE-D5E557C668E3}.LIB ASM Release.ActiveCfg = Release|Win32
		{4AACBF8D-B90F-41AD-A5BE-D5E557C668E3}.LIB ASM Release.Build.0 = Release|Win32
		{4AACBF8D-B90F-41AD-A5BE-D5E557C668E3}.LIB Debug.ActiveCfg = Debug|Win32
		{4AACBF8D-B90F-41AD-A5BE-D5E557C668E3}.LIB Debug.Build.0 = Debug|Win32
		{4AACBF8D-B90F-41AD-A5BE-D5E557C668E3}.LIB Release.ActiveCfg = Release|Win32
		{4AACBF8D-B90F-41AD-A5BE-D5E557C668E3}.LIB Release.Build.0 = Release|Win32
		{4AACBF8D-B90F-41AD-A5BE-D5E557C668E3}.Release.ActiveCfg = Release|Win32
		{4AACBF8D-B90F-41AD-A5BE-D5E557C668E3}.Release.Build.0 = Release|Win32
		{4AACBF8D-B90F-41AD-A5BE-D5E557C668E3}.ReleaseAxp.ActiveCfg = Release|Win32
		{4AACBF8D-B90F-41AD-A5BE-D5E557C668E3}.ReleaseAxp.Build.0 = Release|Win32
		{4AACBF8D-B90F-41AD-A5BE-D5E557C668E3}.releasewin98.ActiveCfg = releasewin98|Win32
		{4AACBF8D-B90F-41AD-A5BE-D5E557C668E3}.releasewin98.Build.0 = releasewin98|Win32
		{4AACBF8D-B90F-41AD-A5BE-D5E557C668E3}.ReleaseWithoutAsm.ActiveCfg = Release|Win32
		{4AACBF8D-B90F-41AD-A5BE-D5E557C668E3}.ReleaseWithoutAsm.Build.0 = Release|Win32
		{4AACBF8D-B90F-41AD-A5BE-D5E557C668E3}.ReleaseWithoutCrtdll.ActiveCfg = Release|Win32
		{4AACBF8D-B90F-41AD-A5BE-D5E557C668E3}.ReleaseWithoutCrtdll.Build.0 = Release|Win32
		{18E0A60D-3346-431A-B24D-304A002E88A4}.Beta.ActiveCfg = Unicode Release|Win32
		{18E0A60D-3346-431A-B24D-304A002E88A4}.Debug.ActiveCfg = Unicode Debug|Win32
		{18E0A60D-3346-431A-B24D-304A002E88A4}.Debug.Build.0 = Unicode Debug|Win32
		{18E0A60D-3346-431A-B24D-304A002E88A4}.DLL ASM Debug.ActiveCfg = Debug|Win32
		{18E0A60D-3346-431A-B24D-304A002E88A4}.DLL ASM Debug.Build.0 = Debug|Win32
		{18E0A60D-3346-431A-B24D-304A002E88A4}.DLL ASM Release.ActiveCfg = Release|Win32
		{18E0A60D-3346-431A-B24D-304A002E88A4}.DLL ASM Release.Build.0 = Release|Win32
		{18E0A60D-3346-431A-B24D-304A002E88A4}.DLL Debug.ActiveCfg = Debug|Win32
		{18E0A60D-3346-431A-B24D-304A002E88A4}.DLL Debug.Build.0 = Debug|Win32
		{18E0A60D-3346-431A-B24D-304A002E88A4}.DLL Release.ActiveCfg = Release|Win32
		{18E0A60D-3346-431A-B24D-304A002E88A4}.DLL Release.Build.0 = Release|Win32
		{18E0A60D-3346-431A-B24D-304A002E88A4}.DLL VB.ActiveCfg = Debug Static|Win32
		{18E0A60D-3346-431A-B24D-304A002E88A4}.DLL VB.Build.0 = Debug Static|Win32
		{18E0A60D-3346-431A-B24D-304A002E88A4}.LIB ASM Debug.ActiveCfg = Debug|Win32
		{18E0A60D-3346-431A-B24D-304A002E88A4}.LIB ASM Debug.Build.0 = Debug|Win32
		{18E0A60D-3346-431A-B24D-304A002E88A4}.LIB ASM Release.ActiveCfg = Release|Win32
		{18E0A60D-3346-431A-B24D-304A002E88A4}.LIB ASM Release.Build.0 = Release|Win32
		{18E0A60D-3346-431A-B24D-304A002E88A4}.LIB Debug.ActiveCfg = Debug|Win32
		{18E0A60D-3346-431A-B24D-304A002E88A4}.LIB Debug.Build.0 = Debug|Win32
		{18E0A60D-3346-431A-B24D-304A002E88A4}.LIB Release.ActiveCfg = Release|Win32
		{18E0A60D-3346-431A-B24D-304A002E88A4}.LIB Release.Build.0 = Release|Win32
		{18E0A60D-3346-431A-B24D-304A002E88A4}.Release.ActiveCfg = Unicode Release|Win32
		{18E0A60D-3346-431A-B24D-304A002E88A4}.Release.Build.0 = Unicode Release|Win32
		{18E0A60D-3346-431A-B24D-304A002E88A4}.ReleaseAxp.ActiveCfg = Release|Win32
		{18E0A60D-3346-431A-B24D-304A002E88A4}.ReleaseAxp.Build.0 = Release|Win32
		{18E0A60D-3346-431A-B24D-304A002E88A4}.releasewin98.ActiveCfg = releasewin98|Win32
		{18E0A60D-3346-431A-B24D-304A002E88A4}.releasewin98.Build.0 = releasewin98|Win32
		{18E0A60D-3346-431A-B24D-304A002E88A4}.ReleaseWithoutAsm.ActiveCfg = Release|Win32
		{18E0A60D-3346-431A-B24D-304A002E88A4}.ReleaseWithoutAsm.Build.0 = Release|Win32
		{18E0A60D-3346-431A-B24D-304A002E88A4}.ReleaseWithoutCrtdll.ActiveCfg = Release|Win32
		{18E0A60D-3346-431A-B24D-304A002E88A4}.ReleaseWithoutCrtdll.Build.0 = Release|Win32
		{B437B84A-B4B0-4389-BF5B-7E25FD9DCF3D}.Beta.ActiveCfg = Debug|Win32
		{B437B84A-B4B0-4389-BF5B-7E25FD9DCF3D}.Debug.ActiveCfg = Debug|Win32
		{B437B84A-B4B0-4389-BF5B-7E25FD9DCF3D}.Debug.Build.0 = Debug|Win32
		{B437B84A-B4B0-4389-BF5B-7E25FD9DCF3D}.DLL ASM Debug.ActiveCfg = Debug|Win32
		{B437B84A-B4B0-4389-BF5B-7E25FD9DCF3D}.DLL ASM Debug.Build.0 = Debug|Win32
		{B437B84A-B4B0-4389-BF5B-7E25FD9DCF3D}.DLL ASM Release.ActiveCfg = Release|Win32
		{B437B84A-B4B0-4389-BF5B-7E25FD9DCF3D}.DLL ASM Release.Build.0 = Release|Win32
		{B437B84A-B4B0-4389-BF5B-7E25FD9DCF3D}.DLL Debug.ActiveCfg = Debug|Win32
		{B437B84A-B4B0-4389-BF5B-7E25FD9DCF3D}.DLL Debug.Build.0 = Debug|Win32
		{B437B84A-B4B0-4389-BF5B-7E25FD9DCF3D}.DLL Release.ActiveCfg = Release|Win32
		{B437B84A-B4B0-4389-BF5B-7E25FD9DCF3D}.DLL Release.Build.0 = Release|Win32
		{B437B84A-B4B0-4389-BF5B-7E25FD9DCF3D}.DLL VB.ActiveCfg = Debug|Win32
		{B437B84A-B4B0-4389-BF5B-7E25FD9DCF3D}.DLL VB.Build.0 = Debug|Win32
		{B437B84A-B4B0-4389-BF5B-7E25FD9DCF3D}.LIB ASM Debug.ActiveCfg = Debug|Win32
		{B437B84A-B4B0-4389-BF5B-7E25FD9DCF3D}.LIB ASM Debug.Build.0 = Debug|Win32
		{B437B84A-B4B0-4389-BF5B-7E25FD9DCF3D}.LIB ASM Release.ActiveCfg = Release|Win32
		{B437B84A-B4B0-4389-BF5B-7E25FD9DCF3D}.LIB ASM Release.Build.0 = Release|Win32
		{B437B84A-B4B0-4389-BF5B-7E25FD9DCF3D}.LIB Debug.ActiveCfg = Debug|Win32
		{B437B84A-B4B0-4389-BF5B-7E25FD9DCF3D}.LIB Debug.Build.0 = Debug|Win32
		{B437B84A-B4B0-4389-BF5B-7E25FD9DCF3D}.LIB Release.ActiveCfg = Release|Win32
		{B437B84A-B4B0-4389-BF5B-7E25FD9DCF3D}.LIB Release.Build.0 = Release|Win32
		{B437B84A-B4B0-4389-BF5B-7E25FD9DCF3D}.Release.ActiveCfg = Release|Win32
		{B437B84A-B4B0-4389-BF5B-7E25FD9DCF3D}.Release.Build.0 = Release|Win32
		{B437B84A-B4B0-4389-BF5B-7E25FD9DCF3D}.ReleaseAxp.ActiveCfg = Release|Win32
		{B437B84A-B4B0-4389-BF5B-7E25FD9DCF3D}.ReleaseAxp.Build.0 = Release|Win32
		{B437B84A-B4B0-4389-BF5B-7E25FD9DCF3D}.releasewin98.ActiveCfg = releasewin98|Win32
		{B437B84A-B4B0-4389-BF5B-7E25FD9DCF3D}.releasewin98.Build.0 = releasewin98|Win32
		{B437B84A-B4B0-4389-BF5B-7E25FD9DCF3D}.ReleaseWithoutAsm.ActiveCfg = Release|Win32
		{B437B84A-B4B0-4389-BF5B-7E25FD9DCF3D}.ReleaseWithoutAsm.Build.0 = Release|Win32
		{B437B84A-B4B0-4389-BF5B-7E25FD9DCF3D}.ReleaseWithoutCrtdll.ActiveCfg = Release|Win32
		{B437B84A-B4B0-4389-BF5B-7E25FD9DCF3D}.ReleaseWithoutCrtdll.Build.0 = Release|Win32
		{A1D8FE77-83B1-4F81-BFC4-7A4A5B76C33F}.Beta.ActiveCfg = LIB ASM Debug|Win32
		{A1D8FE77-83B1-4F81-BFC4-7A4A5B76C33F}.Beta.Build.0 = LIB ASM Debug|Win32
		{A1D8FE77-83B1-4F81-BFC4-7A4A5B76C33F}.Debug.ActiveCfg = LIB ASM Debug|Win32
		{A1D8FE77-83B1-4F81-BFC4-7A4A5B76C33F}.Debug.Build.0 = LIB ASM Debug|Win32
		{A1D8FE77-83B1-4F81-BFC4-7A4A5B76C33F}.DLL ASM Debug.ActiveCfg = DLL ASM Debug|Win32
		{A1D8FE77-83B1-4F81-BFC4-7A4A5B76C33F}.DLL ASM Debug.Build.0 = DLL ASM Debug|Win32
		{A1D8FE77-83B1-4F81-BFC4-7A4A5B76C33F}.DLL ASM Release.ActiveCfg = DLL ASM Release|Win32
		{A1D8FE77-83B1-4F81-BFC4-7A4A5B76C33F}.DLL ASM Release.Build.0 = DLL ASM Release|Win32
		{A1D8FE77-83B1-4F81-BFC4-7A4A5B76C33F}.DLL Debug.ActiveCfg = DLL Debug|Win32
		{A1D8FE77-83B1-4F81-BFC4-7A4A5B76C33F}.DLL Debug.Build.0 = DLL Debug|Win32
		{A1D8FE77-83B1-4F81-BFC4-7A4A5B76C33F}.DLL Release.ActiveCfg = DLL Release|Win32
		{A1D8FE77-83B1-4F81-BFC4-7A4A5B76C33F}.DLL Release.Build.0 = DLL Release|Win32
		{A1D8FE77-83B1-4F81-BFC4-7A4A5B76C33F}.DLL VB.ActiveCfg = DLL VB|Win32
		{A1D8FE77-83B1-4F81-BFC4-7A4A5B76C33F}.DLL VB.Build.0 = DLL VB|Win32
		{A1D8FE77-83B1-4F81-BFC4-7A4A5B76C33F}.LIB ASM Debug.ActiveCfg = LIB ASM Debug|Win32
		{A1D8FE77-83B1-4F81-BFC4-7A4A5B76C33F}.LIB ASM Debug.Build.0 = LIB ASM Debug|Win32
		{A1D8FE77-83B1-4F81-BFC4-7A4A5B76C33F}.LIB ASM Release.ActiveCfg = LIB ASM Release|Win32
		{A1D8FE77-83B1-4F81-BFC4-7A4A5B76C33F}.LIB ASM Release.Build.0 = LIB ASM Release|Win32
		{A1D8FE77-83B1-4F81-BFC4-7A4A5B76C33F}.LIB Debug.ActiveCfg = LIB Debug|Win32
		{A1D8FE77-83B1-4F81-BFC4-7A4A5B76C33F}.LIB Debug.Build.0 = LIB Debug|Win32
		{A1D8FE77-83B1-4F81-BFC4-7A4A5B76C33F}.LIB Release.ActiveCfg = LIB Release|Win32
		{A1D8FE77-83B1-4F81-BFC4-7A4A5B76C33F}.LIB Release.Build.0 = LIB Release|Win32
		{A1D8FE77-83B1-4F81-BFC4-7A4A5B76C33F}.Release.ActiveCfg = LIB ASM Release|Win32
		{A1D8FE77-83B1-4F81-BFC4-7A4A5B76C33F}.Release.Build.0 = LIB ASM Release|Win32
		{A1D8FE77-83B1-4F81-BFC4-7A4A5B76C33F}.ReleaseAxp.ActiveCfg = LIB ASM Debug|Win32
		{A1D8FE77-83B1-4F81-BFC4-7A4A5B76C33F}.ReleaseAxp.Build.0 = LIB ASM Debug|Win32
		{A1D8FE77-83B1-4F81-BFC4-7A4A5B76C33F}.releasewin98.ActiveCfg = releasewin98|Win32
		{A1D8FE77-83B1-4F81-BFC4-7A4A5B76C33F}.releasewin98.Build.0 = releasewin98|Win32
		{A1D8FE77-83B1-4F81-BFC4-7A4A5B76C33F}.ReleaseWithoutAsm.ActiveCfg = LIB ASM Debug|Win32
		{A1D8FE77-83B1-4F81-BFC4-7A4A5B76C33F}.ReleaseWithoutAsm.Build.0 = LIB ASM Debug|Win32
		{A1D8FE77-83B1-4F81-BFC4-7A4A5B76C33F}.ReleaseWithoutCrtdll.ActiveCfg = LIB ASM Debug|Win32
		{A1D8FE77-83B1-4F81-BFC4-7A4A5B76C33F}.ReleaseWithoutCrtdll.Build.0 = LIB ASM Debug|Win32
		{76047B4C-9603-4706-8342-80B1365ED9D5}.Beta.ActiveCfg = ReleaseWithoutAsm|Win32
		{76047B4C-9603-4706-8342-80B1365ED9D5}.Beta.Build.0 = ReleaseWithoutAsm|Win32
		{76047B4C-9603-4706-8342-80B1365ED9D5}.Debug.ActiveCfg = Debug|Win32
		{76047B4C-9603-4706-8342-80B1365ED9D5}.Debug.Build.0 = Debug|Win32
		{76047B4C-9603-4706-8342-80B1365ED9D5}.DLL ASM Debug.ActiveCfg = Debug|Win32
		{76047B4C-9603-4706-8342-80B1365ED9D5}.DLL ASM Debug.Build.0 = Debug|Win32
		{76047B4C-9603-4706-8342-80B1365ED9D5}.DLL ASM Release.ActiveCfg = Release|Win32
		{76047B4C-9603-4706-8342-80B1365ED9D5}.DLL ASM Release.Build.0 = Release|Win32
		{76047B4C-9603-4706-8342-80B1365ED9D5}.DLL Debug.ActiveCfg = Debug|Win32
		{76047B4C-9603-4706-8342-80B1365ED9D5}.DLL Debug.Build.0 = Debug|Win32
		{76047B4C-9603-4706-8342-80B1365ED9D5}.DLL Release.ActiveCfg = Release|Win32
		{76047B4C-9603-4706-8342-80B1365ED9D5}.DLL Release.Build.0 = Release|Win32
		{76047B4C-9603-4706-8342-80B1365ED9D5}.DLL VB.ActiveCfg = Debug|Win32
		{76047B4C-9603-4706-8342-80B1365ED9D5}.DLL VB.Build.0 = Debug|Win32
		{76047B4C-9603-4706-8342-80B1365ED9D5}.LIB ASM Debug.ActiveCfg = Debug|Win32
		{76047B4C-9603-4706-8342-80B1365ED9D5}.LIB ASM Debug.Build.0 = Debug|Win32
		{76047B4C-9603-4706-8342-80B1365ED9D5}.LIB ASM Release.ActiveCfg = Release|Win32
		{76047B4C-9603-4706-8342-80B1365ED9D5}.LIB ASM Release.Build.0 = Release|Win32
		{76047B4C-9603-4706-8342-80B1365ED9D5}.LIB Debug.ActiveCfg = Debug|Win32
		{76047B4C-9603-4706-8342-80B1365ED9D5}.LIB Debug.Build.0 = Debug|Win32
		{76047B4C-9603-4706-8342-80B1365ED9D5}.LIB Release.ActiveCfg = Release|Win32
		{76047B4C-9603-4706-8342-80B1365ED9D5}.LIB Release.Build.0 = Release|Win32
		{76047B4C-9603-4706-8342-80B1365ED9D5}.Release.ActiveCfg = Release|Win32
		{76047B4C-9603-4706-8342-80B1365ED9D5}.Release.Build.0 = Release|Win32
		{76047B4C-9603-4706-8342-80B1365ED9D5}.ReleaseAxp.ActiveCfg = ReleaseAxp|Win32
		{76047B4C-9603-4706-8342-80B1365ED9D5}.ReleaseAxp.Build.0 = ReleaseAxp|Win32
		{76047B4C-9603-4706-8342-80B1365ED9D5}.releasewin98.ActiveCfg = releasewin98|Win32
		{76047B4C-9603-4706-8342-80B1365ED9D5}.releasewin98.Build.0 = releasewin98|Win32
		{76047B4C-9603-4706-8342-80B1365ED9D5}.ReleaseWithoutAsm.ActiveCfg = ReleaseWithoutAsm|Win32
		{76047B4C-9603-4706-8342-80B1365ED9D5}.ReleaseWithoutAsm.Build.0 = ReleaseWithoutAsm|Win32
		{76047B4C-9603-4706-8342-80B1365ED9D5}.ReleaseWithoutCrtdll.ActiveCfg = ReleaseWithoutAsm|Win32
		{76047B4C-9603-4706-8342-80B1365ED9D5}.ReleaseWithoutCrtdll.Build.0 = ReleaseWithoutAsm|Win32
		{98A1AD27-110A-4C3E-AF0C-4F967E536517}.Beta.ActiveCfg = Debug|Win32
		{98A1AD27-110A-4C3E-AF0C-4F967E536517}.Beta.Build.0 = Debug|Win32
		{98A1AD27-110A-4C3E-AF0C-4F967E536517}.Debug.ActiveCfg = Debug|Win32
		{98A1AD27-110A-4C3E-AF0C-4F967E536517}.Debug.Build.0 = Debug|Win32
		{98A1AD27-110A-4C3E-AF0C-4F967E536517}.DLL ASM Debug.ActiveCfg = Debug|Win32
		{98A1AD27-110A-4C3E-AF0C-4F967E536517}.DLL ASM Debug.Build.0 = Debug|Win32
		{98A1AD27-110A-4C3E-AF0C-4F967E536517}.DLL ASM Release.ActiveCfg = Release|Win32
		{98A1AD27-110A-4C3E-AF0C-4F967E536517}.DLL ASM Release.Build.0 = Release|Win32
		{98A1AD27-110A-4C3E-AF0C-4F967E536517}.DLL Debug.ActiveCfg = Debug|Win32
		{98A1AD27-110A-4C3E-AF0C-4F967E536517}.DLL Debug.Build.0 = Debug|Win32
		{98A1AD27-110A-4C3E-AF0C-4F967E536517}.DLL Release.ActiveCfg = Release|Win32
		{98A1AD27-110A-4C3E-AF0C-4F967E536517}.DLL Release.Build.0 = Release|Win32
		{98A1AD27-110A-4C3E-AF0C-4F967E536517}.DLL VB.ActiveCfg = Debug|Win32
		{98A1AD27-110A-4C3E-AF0C-4F967E536517}.DLL VB.Build.0 = Debug|Win32
		{98A1AD27-110A-4C3E-AF0C-4F967E536517}.LIB ASM Debug.ActiveCfg = Debug|Win32
		{98A1AD27-110A-4C3E-AF0C-4F967E536517}.LIB ASM Debug.Build.0 = Debug|Win32
		{98A1AD27-110A-4C3E-AF0C-4F967E536517}.LIB ASM Release.ActiveCfg = Release|Win32
		{98A1AD27-110A-4C3E-AF0C-4F967E536517}.LIB ASM Release.Build.0 = Release|Win32
		{98A1AD27-110A-4C3E-AF0C-4F967E536517}.LIB Debug.ActiveCfg = Debug|Win32
		{98A1AD27-110A-4C3E-AF0C-4F967E536517}.LIB Debug.Build.0 = Debug|Win32
		{98A1AD27-110A-4C3E-AF0C-4F967E536517}.LIB Release.ActiveCfg = Release|Win32
		{98A1AD27-110A-4C3E-AF0C-4F967E536517}.LIB Release.Build.0 = Release|Win32
		{98A1AD27-110A-4C3E-AF0C-4F967E536517}.Release.ActiveCfg = Release|Win32
		{98A1AD27-110A-4C3E-AF0C-4F967E536517}.Release.Build.0 = Release|Win32
		{98A1AD27-110A-4C3E-AF0C-4F967E536517}.ReleaseAxp.ActiveCfg = Release|Win32
		{98A1AD27-110A-4C3E-AF0C-4F967E536517}.ReleaseAxp.Build.0 = Release|Win32
		{98A1AD27-110A-4C3E-AF0C-4F967E536517}.releasewin98.ActiveCfg = releasewin98|Win32
		{98A1AD27-110A-4C3E-AF0C-4F967E536517}.releasewin98.Build.0 = releasewin98|Win32
		{98A1AD27-110A-4C3E-AF0C-4F967E536517}.ReleaseWithoutAsm.ActiveCfg = Release|Win32
		{98A1AD27-110A-4C3E-AF0C-4F967E536517}.ReleaseWithoutAsm.Build.0 = Release|Win32
		{98A1AD27-110A-4C3E-AF0C-4F967E536517}.ReleaseWithoutCrtdll.ActiveCfg = Release|Win32
		{98A1AD27-110A-4C3E-AF0C-4F967E536517}.ReleaseWithoutCrtdll.Build.0 = Release|Win32
		{313EDA74-70F6-481B-8F05-C49A16481905}.Beta.ActiveCfg = Debug|Win32
		{313EDA74-70F6-481B-8F05-C49A16481905}.Beta.Build.0 = Debug|Win32
		{313EDA74-70F6-481B-8F05-C49A16481905}.Debug.ActiveCfg = Debug|Win32
		{313EDA74-70F6-481B-8F05-C49A16481905}.Debug.Build.0 = Debug|Win32
		{313EDA74-70F6-481B-8F05-C49A16481905}.DLL ASM Debug.ActiveCfg = Debug|Win32
		{313EDA74-70F6-481B-8F05-C49A16481905}.DLL ASM Debug.Build.0 = Debug|Win32
		{313EDA74-70F6-481B-8F05-C49A16481905}.DLL ASM Release.ActiveCfg = Release|Win32
		{313EDA74-70F6-481B-8F05-C49A16481905}.DLL ASM Release.Build.0 = Release|Win32
		{313EDA74-70F6-481B-8F05-C49A16481905}.DLL Debug.ActiveCfg = Debug|Win32
		{313EDA74-70F6-481B-8F05-C49A16481905}.DLL Debug.Build.0 = Debug|Win32
		{313EDA74-70F6-481B-8F05-C49A16481905}.DLL Release.ActiveCfg = Release|Win32
		{313EDA74-70F6-481B-8F05-C49A16481905}.DLL Release.Build.0 = Release|Win32
		{313EDA74-70F6-481B-8F05-C49A16481905}.DLL VB.ActiveCfg = Debug|Win32
		{313EDA74-70F6-481B-8F05-C49A16481905}.DLL VB.Build.0 = Debug|Win32
		{313EDA74-70F6-481B-8F05-C49A16481905}.LIB ASM Debug.ActiveCfg = Debug|Win32
		{313EDA74-70F6-481B-8F05-C49A16481905}.LIB ASM Debug.Build.0 = Debug|Win32
		{313EDA74-70F6-481B-8F05-C49A16481905}.LIB ASM Release.ActiveCfg = Release|Win32
		{313EDA74-70F6-481B-8F05-C49A16481905}.LIB ASM Release.Build.0 = Release|Win32
		{313EDA74-70F6-481B-8F05-C49A16481905}.LIB Debug.ActiveCfg = Debug|Win32
		{313EDA74-70F6-481B-8F05-C49A16481905}.LIB Debug.Build.0 = Debug|Win32
		{313EDA74-70F6-481B-8F05-C49A16481905}.LIB Release.ActiveCfg = Release|Win32
		{313EDA74-70F6-481B-8F05-C49A16481905}.LIB Release.Build.0 = Release|Win32
		{313EDA74-70F6-481B-8F05-C49A16481905}.Release.ActiveCfg = Release|Win32
		{313EDA74-70F6-481B-8F05-C49A16481905}.Release.Build.0 = Release|Win32
		{313EDA74-70F6-481B-8F05-C49A16481905}.ReleaseAxp.ActiveCfg = Release|Win32
		{313EDA74-70F6-481B-8F05-C49A16481905}.ReleaseAxp.Build.0 = Release|Win32
		{313EDA74-70F6-481B-8F05-C49A16481905}.releasewin98.ActiveCfg = releasewin98|Win32
		{313EDA74-70F6-481B-8F05-C49A16481905}.releasewin98.Build.0 = releasewin98|Win32
		{313EDA74-70F6-481B-8F05-C49A16481905}.ReleaseWithoutAsm.ActiveCfg = Release|Win32
		{313EDA74-70F6-481B-8F05-C49A16481905}.ReleaseWithoutAsm.Build.0 = Release|Win32
		{313EDA74-70F6-481B-8F05-C49A16481905}.ReleaseWithoutCrtdll.ActiveCfg = Release|Win32
		{313EDA74-70F6-481B-8F05-C49A16481905}.ReleaseWithoutCrtdll.Build.0 = Release|Win32
		{584EA69D-3443-4197-8994-364880FC1B9B}.Beta.ActiveCfg = Beta|Win32
		{584EA69D-3443-4197-8994-364880FC1B9B}.Beta.Build.0 = Beta|Win32
		{584EA69D-3443-4197-8994-364880FC1B9B}.Debug.ActiveCfg = Debug|Win32
		{584EA69D-3443-4197-8994-364880FC1B9B}.Debug.Build.0 = Debug|Win32
		{584EA69D-3443-4197-8994-364880FC1B9B}.DLL ASM Debug.ActiveCfg = Debug|Win32
		{584EA69D-3443-4197-8994-364880FC1B9B}.DLL ASM Debug.Build.0 = Debug|Win32
		{584EA69D-3443-4197-8994-364880FC1B9B}.DLL ASM Release.ActiveCfg = Release|Win32
		{584EA69D-3443-4197-8994-364880FC1B9B}.DLL ASM Release.Build.0 = Release|Win32
		{584EA69D-3443-4197-8994-364880FC1B9B}.DLL Debug.ActiveCfg = Debug|Win32
		{584EA69D-3443-4197-8994-364880FC1B9B}.DLL Debug.Build.0 = Debug|Win32
		{584EA69D-3443-4197-8994-364880FC1B9B}.DLL Release.ActiveCfg = Release|Win32
		{584EA69D-3443-4197-8994-364880FC1B9B}.DLL Release.Build.0 = Release|Win32
		{584EA69D-3443-4197-8994-364880FC1B9B}.DLL VB.ActiveCfg = Debug|Win32
		{584EA69D-3443-4197-8994-364880FC1B9B}.DLL VB.Build.0 = Debug|Win32
		{584EA69D-3443-4197-8994-364880FC1B9B}.LIB ASM Debug.ActiveCfg = Debug|Win32
		{584EA69D-3443-4197-8994-364880FC1B9B}.LIB ASM Debug.Build.0 = Debug|Win32
		{584EA69D-3443-4197-8994-364880FC1B9B}.LIB ASM Release.ActiveCfg = Release|Win32
		{584EA69D-3443-4197-8994-364880FC1B9B}.LIB ASM Release.Build.0 = Release|Win32
		{584EA69D-3443-4197-8994-364880FC1B9B}.LIB Debug.ActiveCfg = Debug|Win32
		{584EA69D-3443-4197-8994-364880FC1B9B}.LIB Debug.Build.0 = Debug|Win32
		{584EA69D-3443-4197-8994-364880FC1B9B}.LIB Release.ActiveCfg = Release|Win32
		{584EA69D-3443-4197-8994-364880FC1B9B}.LIB Release.Build.0 = Release|Win32
		{584EA69D-3443-4197-8994-364880FC1B9B}.Release.ActiveCfg = Release|Win32
		{584EA69D-3443-4197-8994-364880FC1B9B}.Release.Build.0 = Release|Win32
		{584EA69D-3443-4197-8994-364880FC1B9B}.ReleaseAxp.ActiveCfg = Release|Win32
		{584EA69D-3443-4197-8994-364880FC1B9B}.ReleaseAxp.Build.0 = Release|Win32
		{584EA69D-3443-4197-8994-364880FC1B9B}.releasewin98.ActiveCfg = releasewin98|Win32
		{584EA69D-3443-4197-8994-364880FC1B9B}.releasewin98.Build.0 = releasewin98|Win32
		{584EA69D-3443-4197-8994-364880FC1B9B}.ReleaseWithoutAsm.ActiveCfg = Release|Win32
		{584EA69D-3443-4197-8994-364880FC1B9B}.ReleaseWithoutAsm.Build.0 = Release|Win32
		{584EA69D-3443-4197-8994-364880FC1B9B}.ReleaseWithoutCrtdll.ActiveCfg = Release|Win32
		{584EA69D-3443-4197-8994-364880FC1B9B}.ReleaseWithoutCrtdll.Build.0 = Release|Win32
	EndGlobalSection
	GlobalSection(ExtensibilityGlobals) = postSolution
	EndGlobalSection
	GlobalSection(ExtensibilityAddIns) = postSolution
	EndGlobalSection
	GlobalSection(DevPartner) = postSolution
	EndGlobalSection
	GlobalSection(DevPartner) = postSolution
	EndGlobalSection
	GlobalSection(DevPartner) = postSolution
	EndGlobalSection
	GlobalSection(DevPartner) = postSolution
	EndGlobalSection
	GlobalSection(DevPartner) = postSolution
	EndGlobalSection
EndGlobal
