Microsoft Visual Studio Solution File, Format Version 8.00
Project("{8BC9CEB8-8B4A-11D0-8D11-00A0C91BC942}") = "CrashRpt", "CrashRpt.vcproj", "{AEB88301-A3E4-44A3-9B66-96EFBB90053A}"
	ProjectSection(ProjectDependencies) = postProject
	EndProjectSection
EndProject
Global
	GlobalSection(SolutionConfiguration) = preSolution
		Debug = Debug
		Release = Release
	EndGlobalSection
	GlobalSection(ProjectConfiguration) = postSolution
		{AEB88301-A3E4-44A3-9B66-96EFBB90053A}.Debug.ActiveCfg = Debug|Win32
		{AEB88301-A3E4-44A3-9B66-96EFBB90053A}.Debug.Build.0 = Debug|Win32
		{AEB88301-A3E4-44A3-9B66-96EFBB90053A}.Release.ActiveCfg = Release|Win32
		{AEB88301-A3E4-44A3-9B66-96EFBB90053A}.Release.Build.0 = Release|Win32
	EndGlobalSection
	GlobalSection(ExtensibilityGlobals) = postSolution
	EndGlobalSection
	GlobalSection(ExtensibilityAddIns) = postSolution
	EndGlobalSection
EndGlobal
