Microsoft Visual Studio Solution File, Format Version 8.00
Project("{8BC9CEB8-8B4A-11D0-8D11-00A0C91BC942}") = "CrashRpt", "crashrpt\src\CrashRpt.vcproj", "{F20DBB22-7978-4DAE-8D05-E7750C6E24E0}"
	ProjectSection(ProjectDependencies) = postProject
		{58257B55-4031-4588-87D5-9333126BB195} = {58257B55-4031-4588-87D5-9333126BB195}
	EndProjectSection
EndProject
Project("{8BC9CEB8-8B4A-11D0-8D11-00A0C91BC942}") = "crashcon", "crashcon\src\crashcon.vcproj", "{01EAE5D5-47D1-4631-B4AE-27FB545B7E7E}"
	ProjectSection(ProjectDependencies) = postProject
		{F20DBB22-7978-4DAE-8D05-E7750C6E24E0} = {F20DBB22-7978-4DAE-8D05-E7750C6E24E0}
	EndProjectSection
EndProject
Project("{8BC9CEB8-8B4A-11D0-8D11-00A0C91BC942}") = "zlibstat", "zlib\zlibstat.vcproj", "{58257B55-4031-4588-87D5-9333126BB195}"
	ProjectSection(ProjectDependencies) = postProject
	EndProjectSection
EndProject
Global
	GlobalSection(SolutionConfiguration) = preSolution
		Debug = Debug
		Release = Release
		ReleaseAxp = ReleaseAxp
	EndGlobalSection
	GlobalSection(ProjectConfiguration) = postSolution
		{F20DBB22-7978-4DAE-8D05-E7750C6E24E0}.Debug.ActiveCfg = Debug|Win32
		{F20DBB22-7978-4DAE-8D05-E7750C6E24E0}.Debug.Build.0 = Debug|Win32
		{F20DBB22-7978-4DAE-8D05-E7750C6E24E0}.Release.ActiveCfg = Release|Win32
		{F20DBB22-7978-4DAE-8D05-E7750C6E24E0}.Release.Build.0 = Release|Win32
		{F20DBB22-7978-4DAE-8D05-E7750C6E24E0}.ReleaseAxp.ActiveCfg = Release|Win32
		{F20DBB22-7978-4DAE-8D05-E7750C6E24E0}.ReleaseAxp.Build.0 = Release|Win32
		{01EAE5D5-47D1-4631-B4AE-27FB545B7E7E}.Debug.ActiveCfg = Debug|Win32
		{01EAE5D5-47D1-4631-B4AE-27FB545B7E7E}.Debug.Build.0 = Debug|Win32
		{01EAE5D5-47D1-4631-B4AE-27FB545B7E7E}.Release.ActiveCfg = Release|Win32
		{01EAE5D5-47D1-4631-B4AE-27FB545B7E7E}.Release.Build.0 = Release|Win32
		{01EAE5D5-47D1-4631-B4AE-27FB545B7E7E}.ReleaseAxp.ActiveCfg = Release|Win32
		{01EAE5D5-47D1-4631-B4AE-27FB545B7E7E}.ReleaseAxp.Build.0 = Release|Win32
		{58257B55-4031-4588-87D5-9333126BB195}.Debug.ActiveCfg = Debug|Win32
		{58257B55-4031-4588-87D5-9333126BB195}.Debug.Build.0 = Debug|Win32
		{58257B55-4031-4588-87D5-9333126BB195}.Release.ActiveCfg = Release|Win32
		{58257B55-4031-4588-87D5-9333126BB195}.Release.Build.0 = Release|Win32
		{58257B55-4031-4588-87D5-9333126BB195}.ReleaseAxp.ActiveCfg = ReleaseAxp|Win32
		{58257B55-4031-4588-87D5-9333126BB195}.ReleaseAxp.Build.0 = ReleaseAxp|Win32
	EndGlobalSection
	GlobalSection(ExtensibilityGlobals) = postSolution
	EndGlobalSection
	GlobalSection(ExtensibilityAddIns) = postSolution
	EndGlobalSection
EndGlobal
