Microsoft Visual Studio Solution File, Format Version 8.00
Project("{8BC9CEB8-8B4A-11D0-8D11-00A0C91BC942}") = "CrashRptTest", "CrashRptTest.vcproj", "{2EF3E9CA-840A-49D5-876C-BACCF4036594}"
	ProjectSection(ProjectDependencies) = postProject
	EndProjectSection
EndProject
Global
	GlobalSection(SolutionConfiguration) = preSolution
		Debug = Debug
		Release = Release
	EndGlobalSection
	GlobalSection(ProjectConfiguration) = postSolution
		{2EF3E9CA-840A-49D5-876C-BACCF4036594}.Debug.ActiveCfg = Debug|Win32
		{2EF3E9CA-840A-49D5-876C-BACCF4036594}.Debug.Build.0 = Debug|Win32
		{2EF3E9CA-840A-49D5-876C-BACCF4036594}.Release.ActiveCfg = Release|Win32
		{2EF3E9CA-840A-49D5-876C-BACCF4036594}.Release.Build.0 = Release|Win32
	EndGlobalSection
	GlobalSection(ExtensibilityGlobals) = postSolution
	EndGlobalSection
	GlobalSection(ExtensibilityAddIns) = postSolution
	EndGlobalSection
EndGlobal
