Microsoft Visual Studio Solution File, Format Version 8.00
Project("{8BC9CEB8-8B4A-11D0-8D11-00A0C91BC942}") = "libpng", "libpng.vcproj", "{33DCD43F-AC98-4BD5-8B70-2C6B3B8AE2D8}"
	ProjectSection(ProjectDependencies) = postProject
	EndProjectSection
EndProject
Global
	GlobalSection(SolutionConfiguration) = preSolution
		DLL = DLL
		DLL ASM = DLL ASM
		DLL Debug = DLL Debug
		DLL Debug ASM = DLL Debug ASM
		DLL VB = DLL VB
		LIB = LIB
		LIB Debug = LIB Debug
	EndGlobalSection
	GlobalSection(ProjectConfiguration) = postSolution
		{33DCD43F-AC98-4BD5-8B70-2C6B3B8AE2D8}.DLL.ActiveCfg = DLL|Win32
		{33DCD43F-AC98-4BD5-8B70-2C6B3B8AE2D8}.DLL.Build.0 = DLL|Win32
		{33DCD43F-AC98-4BD5-8B70-2C6B3B8AE2D8}.DLL ASM.ActiveCfg = DLL ASM|Win32
		{33DCD43F-AC98-4BD5-8B70-2C6B3B8AE2D8}.DLL ASM.Build.0 = DLL ASM|Win32
		{33DCD43F-AC98-4BD5-8B70-2C6B3B8AE2D8}.DLL Debug.ActiveCfg = DLL Debug|Win32
		{33DCD43F-AC98-4BD5-8B70-2C6B3B8AE2D8}.DLL Debug.Build.0 = DLL Debug|Win32
		{33DCD43F-AC98-4BD5-8B70-2C6B3B8AE2D8}.DLL Debug ASM.ActiveCfg = DLL Debug ASM|Win32
		{33DCD43F-AC98-4BD5-8B70-2C6B3B8AE2D8}.DLL Debug ASM.Build.0 = DLL Debug ASM|Win32
		{33DCD43F-AC98-4BD5-8B70-2C6B3B8AE2D8}.DLL VB.ActiveCfg = DLL VB|Win32
		{33DCD43F-AC98-4BD5-8B70-2C6B3B8AE2D8}.DLL VB.Build.0 = DLL VB|Win32
		{33DCD43F-AC98-4BD5-8B70-2C6B3B8AE2D8}.LIB.ActiveCfg = LIB|Win32
		{33DCD43F-AC98-4BD5-8B70-2C6B3B8AE2D8}.LIB.Build.0 = LIB|Win32
		{33DCD43F-AC98-4BD5-8B70-2C6B3B8AE2D8}.LIB Debug.ActiveCfg = LIB Debug|Win32
		{33DCD43F-AC98-4BD5-8B70-2C6B3B8AE2D8}.LIB Debug.Build.0 = LIB Debug|Win32
	EndGlobalSection
	GlobalSection(ExtensibilityGlobals) = postSolution
	EndGlobalSection
	GlobalSection(ExtensibilityAddIns) = postSolution
	EndGlobalSection
EndGlobal
